// !$*UTF8*$!
{
	archiveVersion = 1;
	classes = {
	};
	objectVersion = 56;
	objects = {

/* Begin PBXBuildFile section */
		E73E2D262A9FFD6500F213EF /* BackendSimulator.swift in Sources */ = {isa = PBXBuildFile; fileRef = E73E2D252A9FFD6500F213EF /* BackendSimulator.swift */; };
		E73E2D282A9FFDAC00F213EF /* PaymentProvider.swift in Sources */ = {isa = PBXBuildFile; fileRef = E73E2D272A9FFDAC00F213EF /* PaymentProvider.swift */; };
		E73E2D2D2A9FFE0900F213EF /* ServerView.swift in Sources */ = {isa = PBXBuildFile; fileRef = E73E2D2C2A9FFE0900F213EF /* ServerView.swift */; };
		E73E2D302A9FFFEB00F213EF /* Pdf2View.swift in Sources */ = {isa = PBXBuildFile; fileRef = E73E2D2F2A9FFFEB00F213EF /* Pdf2View.swift */; };
		E73E2D322AA0002100F213EF /* PdfExtension.swift in Sources */ = {isa = PBXBuildFile; fileRef = E73E2D312AA0002100F213EF /* PdfExtension.swift */; };
		E73E2D342AA0005C00F213EF /* PdfShareSheet.swift in Sources */ = {isa = PBXBuildFile; fileRef = E73E2D332AA0005C00F213EF /* PdfShareSheet.swift */; };
		E73E2D362AA000AE00F213EF /* PdfView.swift in Sources */ = {isa = PBXBuildFile; fileRef = E73E2D352AA000AE00F213EF /* PdfView.swift */; };
		E73E2D3B2AA0010700F213EF /* CustomTextField.swift in Sources */ = {isa = PBXBuildFile; fileRef = E73E2D3A2AA0010700F213EF /* CustomTextField.swift */; };
		E73E2D3D2AA0013400F213EF /* CustomHeaderView.swift in Sources */ = {isa = PBXBuildFile; fileRef = E73E2D3C2AA0013400F213EF /* CustomHeaderView.swift */; };
		E73E2D3F2AA0015300F213EF /* Footer2View.swift in Sources */ = {isa = PBXBuildFile; fileRef = E73E2D3E2AA0015300F213EF /* Footer2View.swift */; };
		E73E2D422AA0174300F213EF /* CreateProfilHeaderView.swift in Sources */ = {isa = PBXBuildFile; fileRef = E73E2D412AA0174300F213EF /* CreateProfilHeaderView.swift */; };
		E73E2D452AA0202700F213EF /* AgreementButton.swift in Sources */ = {isa = PBXBuildFile; fileRef = E73E2D442AA0202700F213EF /* AgreementButton.swift */; };
		E73E2D482AA0207F00F213EF /* TermSection.swift in Sources */ = {isa = PBXBuildFile; fileRef = E73E2D472AA0207F00F213EF /* TermSection.swift */; };
		E73E2D4A2AA020E200F213EF /* Employee.swift in Sources */ = {isa = PBXBuildFile; fileRef = E73E2D492AA020E200F213EF /* Employee.swift */; };
		E73E2D4C2AA0218300F213EF /* CallCenterViewModel.swift in Sources */ = {isa = PBXBuildFile; fileRef = E73E2D4B2AA0218300F213EF /* CallCenterViewModel.swift */; };
		E73E2D512AA0265B00F213EF /* GSPlayer in Frameworks */ = {isa = PBXBuildFile; productRef = E73E2D502AA0265B00F213EF /* GSPlayer */; };
		E77279122A9CB37B00EBE7D7 /* ProductSizeSelectionShape.swift in Sources */ = {isa = PBXBuildFile; fileRef = E77279112A9CB37B00EBE7D7 /* ProductSizeSelectionShape.swift */; };
		E772791E2A9DFFE200EBE7D7 /* SizeViewModel.swift in Sources */ = {isa = PBXBuildFile; fileRef = E772791D2A9DFFE200EBE7D7 /* SizeViewModel.swift */; };
		E776271D2A941D80008F8B82 /* E_CommerceApp.swift in Sources */ = {isa = PBXBuildFile; fileRef = E776271C2A941D80008F8B82 /* E_CommerceApp.swift */; };
		E776271F2A941D80008F8B82 /* ContentView.swift in Sources */ = {isa = PBXBuildFile; fileRef = E776271E2A941D80008F8B82 /* ContentView.swift */; };
		E77627212A941D81008F8B82 /* Assets.xcassets in Resources */ = {isa = PBXBuildFile; fileRef = E77627202A941D81008F8B82 /* Assets.xcassets */; };
		E77627242A941D81008F8B82 /* Preview Assets.xcassets in Resources */ = {isa = PBXBuildFile; fileRef = E77627232A941D81008F8B82 /* Preview Assets.xcassets */; };
		E776272E2A941D81008F8B82 /* E_CommerceTests.swift in Sources */ = {isa = PBXBuildFile; fileRef = E776272D2A941D81008F8B82 /* E_CommerceTests.swift */; };
		E77627382A941D81008F8B82 /* E_CommerceUITests.swift in Sources */ = {isa = PBXBuildFile; fileRef = E77627372A941D81008F8B82 /* E_CommerceUITests.swift */; };
		E776273A2A941D81008F8B82 /* E_CommerceUITestsLaunchTests.swift in Sources */ = {isa = PBXBuildFile; fileRef = E77627392A941D81008F8B82 /* E_CommerceUITestsLaunchTests.swift */; };
		E77627472A941F1C008F8B82 /* SplashView.swift in Sources */ = {isa = PBXBuildFile; fileRef = E77627462A941F1C008F8B82 /* SplashView.swift */; };
		E776274A2A94212C008F8B82 /* OnBoardingRules.swift in Sources */ = {isa = PBXBuildFile; fileRef = E77627492A94212C008F8B82 /* OnBoardingRules.swift */; };
		E776274F2A9421BF008F8B82 /* OnBoardingView.swift in Sources */ = {isa = PBXBuildFile; fileRef = E776274E2A9421BF008F8B82 /* OnBoardingView.swift */; };
		E77627522A942396008F8B82 /* LoginView.swift in Sources */ = {isa = PBXBuildFile; fileRef = E77627512A942396008F8B82 /* LoginView.swift */; };
		E77627542A9425F9008F8B82 /* AfterOnBoardingView.swift in Sources */ = {isa = PBXBuildFile; fileRef = E77627532A9425F9008F8B82 /* AfterOnBoardingView.swift */; };
		E77627562A942654008F8B82 /* OnboardItem.swift in Sources */ = {isa = PBXBuildFile; fileRef = E77627552A942654008F8B82 /* OnboardItem.swift */; };
		E77627592A94269A008F8B82 /* AuthService.swift in Sources */ = {isa = PBXBuildFile; fileRef = E77627582A94269A008F8B82 /* AuthService.swift */; };
		E776275C2A94295F008F8B82 /* FirebaseAnalytics in Frameworks */ = {isa = PBXBuildFile; productRef = E776275B2A94295F008F8B82 /* FirebaseAnalytics */; };
		E776275E2A94295F008F8B82 /* FirebaseAnalyticsOnDeviceConversion in Frameworks */ = {isa = PBXBuildFile; productRef = E776275D2A94295F008F8B82 /* FirebaseAnalyticsOnDeviceConversion */; };
		E77627602A94295F008F8B82 /* FirebaseAnalyticsSwift in Frameworks */ = {isa = PBXBuildFile; productRef = E776275F2A94295F008F8B82 /* FirebaseAnalyticsSwift */; };
		E77627622A94295F008F8B82 /* FirebaseAnalyticsWithoutAdIdSupport in Frameworks */ = {isa = PBXBuildFile; productRef = E77627612A94295F008F8B82 /* FirebaseAnalyticsWithoutAdIdSupport */; };
		E77627642A94295F008F8B82 /* FirebaseAuth in Frameworks */ = {isa = PBXBuildFile; productRef = E77627632A94295F008F8B82 /* FirebaseAuth */; };
		E77627662A94295F008F8B82 /* FirebaseAuthCombine-Community in Frameworks */ = {isa = PBXBuildFile; productRef = E77627652A94295F008F8B82 /* FirebaseAuthCombine-Community */; };
		E77627682A94295F008F8B82 /* FirebaseDatabase in Frameworks */ = {isa = PBXBuildFile; productRef = E77627672A94295F008F8B82 /* FirebaseDatabase */; };
		E776276A2A94295F008F8B82 /* FirebaseDatabaseSwift in Frameworks */ = {isa = PBXBuildFile; productRef = E77627692A94295F008F8B82 /* FirebaseDatabaseSwift */; };
		E776276C2A94295F008F8B82 /* FirebaseFirestore in Frameworks */ = {isa = PBXBuildFile; productRef = E776276B2A94295F008F8B82 /* FirebaseFirestore */; };
		E776276E2A94295F008F8B82 /* FirebaseFirestoreCombine-Community in Frameworks */ = {isa = PBXBuildFile; productRef = E776276D2A94295F008F8B82 /* FirebaseFirestoreCombine-Community */; };
		E77627702A94295F008F8B82 /* FirebaseFirestoreSwift in Frameworks */ = {isa = PBXBuildFile; productRef = E776276F2A94295F008F8B82 /* FirebaseFirestoreSwift */; };
		E77627722A94295F008F8B82 /* FirebaseInAppMessaging-Beta in Frameworks */ = {isa = PBXBuildFile; productRef = E77627712A94295F008F8B82 /* FirebaseInAppMessaging-Beta */; };
		E77627742A94295F008F8B82 /* FirebaseInAppMessagingSwift-Beta in Frameworks */ = {isa = PBXBuildFile; productRef = E77627732A94295F008F8B82 /* FirebaseInAppMessagingSwift-Beta */; };
		E77627762A94295F008F8B82 /* FirebaseMessaging in Frameworks */ = {isa = PBXBuildFile; productRef = E77627752A94295F008F8B82 /* FirebaseMessaging */; };
		E77627782A94295F008F8B82 /* FirebaseStorage in Frameworks */ = {isa = PBXBuildFile; productRef = E77627772A94295F008F8B82 /* FirebaseStorage */; };
		E776277A2A94295F008F8B82 /* FirebaseStorageCombine-Community in Frameworks */ = {isa = PBXBuildFile; productRef = E77627792A94295F008F8B82 /* FirebaseStorageCombine-Community */; };
		E776277C2A942C39008F8B82 /* GoogleService-Info.plist in Resources */ = {isa = PBXBuildFile; fileRef = E776277B2A942C39008F8B82 /* GoogleService-Info.plist */; };
		E776277F2A945E93008F8B82 /* AlertBanner.swift in Sources */ = {isa = PBXBuildFile; fileRef = E776277E2A945E93008F8B82 /* AlertBanner.swift */; };
		E77627822A947FE4008F8B82 /* HomeView.swift in Sources */ = {isa = PBXBuildFile; fileRef = E77627812A947FE4008F8B82 /* HomeView.swift */; };
		E77627882A948552008F8B82 /* Product.swift in Sources */ = {isa = PBXBuildFile; fileRef = E77627872A948552008F8B82 /* Product.swift */; };
		E776278B2A94B2BA008F8B82 /* AddCategoryPage.swift in Sources */ = {isa = PBXBuildFile; fileRef = E776278A2A94B2BA008F8B82 /* AddCategoryPage.swift */; };
		E77A24A62A9571C200BE725F /* CallCenterView.swift in Sources */ = {isa = PBXBuildFile; fileRef = E77A24A52A9571C200BE725F /* CallCenterView.swift */; };
		E77A24A92A95781B00BE725F /* SearchView.swift in Sources */ = {isa = PBXBuildFile; fileRef = E77A24A82A95781B00BE725F /* SearchView.swift */; };
		E77A24AB2A9579A800BE725F /* SearchHeaderView.swift in Sources */ = {isa = PBXBuildFile; fileRef = E77A24AA2A9579A800BE725F /* SearchHeaderView.swift */; };
		E77A24AF2A95854400BE725F /* CustomShape.swift in Sources */ = {isa = PBXBuildFile; fileRef = E77A24AE2A95854400BE725F /* CustomShape.swift */; };
		E77A24BC2A9587C100BE725F /* SettingView.swift in Sources */ = {isa = PBXBuildFile; fileRef = E77A24BB2A9587C100BE725F /* SettingView.swift */; };
		E77A24BF2A95881000BE725F /* TermsOfServiceView.swift in Sources */ = {isa = PBXBuildFile; fileRef = E77A24BE2A95881000BE725F /* TermsOfServiceView.swift */; };
		E77A24C22A95885500BE725F /* CreateProfileView.swift in Sources */ = {isa = PBXBuildFile; fileRef = E77A24C12A95885500BE725F /* CreateProfileView.swift */; };
		E77A24C42A95FFE800BE725F /* AlertInformationBanner.swift in Sources */ = {isa = PBXBuildFile; fileRef = E77A24C32A95FFE800BE725F /* AlertInformationBanner.swift */; };
		E77A24C92A96E40600BE725F /* NotificationView.swift in Sources */ = {isa = PBXBuildFile; fileRef = E77A24C82A96E40600BE725F /* NotificationView.swift */; };
		E77A24CB2A96F7DC00BE725F /* AddedToBag.swift in Sources */ = {isa = PBXBuildFile; fileRef = E77A24CA2A96F7DC00BE725F /* AddedToBag.swift */; };
		E77A24D22A97816600BE725F /* FAQQuestion.swift in Sources */ = {isa = PBXBuildFile; fileRef = E77A24D12A97816600BE725F /* FAQQuestion.swift */; };
		E77A24D42A97818700BE725F /* FAQSection.swift in Sources */ = {isa = PBXBuildFile; fileRef = E77A24D32A97818700BE725F /* FAQSection.swift */; };
		E77A24D72A97831A00BE725F /* FAQViewModel.swift in Sources */ = {isa = PBXBuildFile; fileRef = E77A24D62A97831A00BE725F /* FAQViewModel.swift */; };
		E77A24DD2A9788E000BE725F /* FilterView.swift in Sources */ = {isa = PBXBuildFile; fileRef = E77A24DC2A9788E000BE725F /* FilterView.swift */; };
		E77A24DF2A978A3A00BE725F /* CheckOutBanner.swift in Sources */ = {isa = PBXBuildFile; fileRef = E77A24DE2A978A3A00BE725F /* CheckOutBanner.swift */; };
		E77A24E12A9796E800BE725F /* OrderPlacedBanner.swift in Sources */ = {isa = PBXBuildFile; fileRef = E77A24E02A9796E800BE725F /* OrderPlacedBanner.swift */; };
		E77A24E42A979B2200BE725F /* TrackingOrderView.swift in Sources */ = {isa = PBXBuildFile; fileRef = E77A24E32A979B2200BE725F /* TrackingOrderView.swift */; };
		E77A24E62A97D55000BE725F /* CheckBoxView.swift in Sources */ = {isa = PBXBuildFile; fileRef = E77A24E52A97D55000BE725F /* CheckBoxView.swift */; };
		E77A24E92A97E53900BE725F /* Order.swift in Sources */ = {isa = PBXBuildFile; fileRef = E77A24E82A97E53900BE725F /* Order.swift */; };
		E77A24EB2A97E5BE00BE725F /* TrackingOrderViewModel.swift in Sources */ = {isa = PBXBuildFile; fileRef = E77A24EA2A97E5BE00BE725F /* TrackingOrderViewModel.swift */; };
		E77A24ED2A97E61D00BE725F /* TrackingHeaderShape.swift in Sources */ = {isa = PBXBuildFile; fileRef = E77A24EC2A97E61D00BE725F /* TrackingHeaderShape.swift */; };
		E78815DF2AA69E28008572C7 /* MensViewModel.swift in Sources */ = {isa = PBXBuildFile; fileRef = E78815DE2AA69E28008572C7 /* MensViewModel.swift */; };
		E78815E12AA69E4F008572C7 /* WomanClothingViewModel.swift in Sources */ = {isa = PBXBuildFile; fileRef = E78815E02AA69E4F008572C7 /* WomanClothingViewModel.swift */; };
		E78815E32AA69E8D008572C7 /* MenClothingView.swift in Sources */ = {isa = PBXBuildFile; fileRef = E78815E22AA69E8D008572C7 /* MenClothingView.swift */; };
		E78815E52AA69EC5008572C7 /* WomanClothingView.swift in Sources */ = {isa = PBXBuildFile; fileRef = E78815E42AA69EC5008572C7 /* WomanClothingView.swift */; };
		E78815E72AA69EE5008572C7 /* CategoryProductView.swift in Sources */ = {isa = PBXBuildFile; fileRef = E78815E62AA69EE5008572C7 /* CategoryProductView.swift */; };
		E78815EA2AA69F2C008572C7 /* FooterView.swift in Sources */ = {isa = PBXBuildFile; fileRef = E78815E92AA69F2C008572C7 /* FooterView.swift */; };
		E78815EC2AA69F6C008572C7 /* Rating.swift in Sources */ = {isa = PBXBuildFile; fileRef = E78815EB2AA69F6C008572C7 /* Rating.swift */; };
		E78815F22AA740E2008572C7 /* PaymentMethodView.swift in Sources */ = {isa = PBXBuildFile; fileRef = E78815F12AA740E2008572C7 /* PaymentMethodView.swift */; };
		E78815FC2AA8007B008572C7 /* PaymentMethod.swift in Sources */ = {isa = PBXBuildFile; fileRef = E78815FB2AA8007B008572C7 /* PaymentMethod.swift */; };
		E78815FE2AA800C3008572C7 /* PaymentMethodDetailView.swift in Sources */ = {isa = PBXBuildFile; fileRef = E78815FD2AA800C3008572C7 /* PaymentMethodDetailView.swift */; };
		E78816002AA800F9008572C7 /* PaymentListShape.swift in Sources */ = {isa = PBXBuildFile; fileRef = E78815FF2AA800F9008572C7 /* PaymentListShape.swift */; };
		E78816022AA8013A008572C7 /* PayButton.swift in Sources */ = {isa = PBXBuildFile; fileRef = E78816012AA8013A008572C7 /* PayButton.swift */; };
		E78816052AA80532008572C7 /* CheckOutAddressCard.swift in Sources */ = {isa = PBXBuildFile; fileRef = E78816042AA80532008572C7 /* CheckOutAddressCard.swift */; };
		E78816072AA80595008572C7 /* DiscountBar.swift in Sources */ = {isa = PBXBuildFile; fileRef = E78816062AA80595008572C7 /* DiscountBar.swift */; };
		E788160C2AA80A60008572C7 /* Size.swift in Sources */ = {isa = PBXBuildFile; fileRef = E788160B2AA80A60008572C7 /* Size.swift */; };
		E7AC696D2A98D70600EA63E0 /* PaymentView.swift in Sources */ = {isa = PBXBuildFile; fileRef = E7AC696C2A98D70600EA63E0 /* PaymentView.swift */; };
		E7FCB3792A9A73CD003E386B /* PaymentCardNumberView.swift in Sources */ = {isa = PBXBuildFile; fileRef = E7FCB3782A9A73CD003E386B /* PaymentCardNumberView.swift */; };
		E7FCB37B2A9A7402003E386B /* PaymentTextField1View.swift in Sources */ = {isa = PBXBuildFile; fileRef = E7FCB37A2A9A7402003E386B /* PaymentTextField1View.swift */; };
		E7FCB37D2A9A7426003E386B /* PaymentTextField2View.swift in Sources */ = {isa = PBXBuildFile; fileRef = E7FCB37C2A9A7426003E386B /* PaymentTextField2View.swift */; };
		E7FCB37F2A9A745F003E386B /* PaymentProgressBarView.swift in Sources */ = {isa = PBXBuildFile; fileRef = E7FCB37E2A9A745F003E386B /* PaymentProgressBarView.swift */; };
		E7FCB3812A9A7484003E386B /* PaymentSaveButtonShape.swift in Sources */ = {isa = PBXBuildFile; fileRef = E7FCB3802A9A7484003E386B /* PaymentSaveButtonShape.swift */; };
		E7FCB3832A9A74A9003E386B /* PaymentBoxShape.swift in Sources */ = {isa = PBXBuildFile; fileRef = E7FCB3822A9A74A9003E386B /* PaymentBoxShape.swift */; };
		E7FCB3852A9A74CD003E386B /* PaymentButton.swift in Sources */ = {isa = PBXBuildFile; fileRef = E7FCB3842A9A74CD003E386B /* PaymentButton.swift */; };
		E7FCB3872A9A74EC003E386B /* PaymentHeaderView.swift in Sources */ = {isa = PBXBuildFile; fileRef = E7FCB3862A9A74EC003E386B /* PaymentHeaderView.swift */; };
		E7FCB3892A9A991D003E386B /* LogOutShape.swift in Sources */ = {isa = PBXBuildFile; fileRef = E7FCB3882A9A991D003E386B /* LogOutShape.swift */; };
		E7FCB38C2A9A9F7C003E386B /* UIViewControllerRepresentable.swift in Sources */ = {isa = PBXBuildFile; fileRef = E7FCB38B2A9A9F7C003E386B /* UIViewControllerRepresentable.swift */; };
		E7FCB38F2A9AA6FD003E386B /* UIImageView.swift in Sources */ = {isa = PBXBuildFile; fileRef = E7FCB38E2A9AA6FD003E386B /* UIImageView.swift */; };
		E7FCB3932A9AABF4003E386B /* CodableBundleExtension.swift in Sources */ = {isa = PBXBuildFile; fileRef = E7FCB3922A9AABF4003E386B /* CodableBundleExtension.swift */; };
		E7FCB3962A9AAC80003E386B /* category.json in Resources */ = {isa = PBXBuildFile; fileRef = E7FCB3952A9AAC80003E386B /* category.json */; };
		E7FCB3D72A9AC83B003E386B /* Category.swift in Sources */ = {isa = PBXBuildFile; fileRef = E7FCB3D62A9AC83B003E386B /* Category.swift */; };
		E7FCB3E32A9B5946003E386B /* ProductView.swift in Sources */ = {isa = PBXBuildFile; fileRef = E7FCB3E22A9B5946003E386B /* ProductView.swift */; };
		E7FCB3E52A9B5981003E386B /* ProductDetail.swift in Sources */ = {isa = PBXBuildFile; fileRef = E7FCB3E42A9B5981003E386B /* ProductDetail.swift */; };
		E7FCB3E72A9B59DA003E386B /* ProductViewModel.swift in Sources */ = {isa = PBXBuildFile; fileRef = E7FCB3E62A9B59DA003E386B /* ProductViewModel.swift */; };
		E7FCB3E92A9B5A01003E386B /* ApiService.swift in Sources */ = {isa = PBXBuildFile; fileRef = E7FCB3E82A9B5A01003E386B /* ApiService.swift */; };
		E7FCB3EC2A9B66F1003E386B /* VideoListItem.swift in Sources */ = {isa = PBXBuildFile; fileRef = E7FCB3EB2A9B66F1003E386B /* VideoListItem.swift */; };
		E7FCB3F12A9B7134003E386B /* videos.json in Resources */ = {isa = PBXBuildFile; fileRef = E7FCB3F02A9B7134003E386B /* videos.json */; };
		E7FCB3F32A9B7397003E386B /* VideoModel.swift in Sources */ = {isa = PBXBuildFile; fileRef = E7FCB3F22A9B7397003E386B /* VideoModel.swift */; };
		E7FCB3F62A9BB2B5003E386B /* Video.swift in Sources */ = {isa = PBXBuildFile; fileRef = E7FCB3F52A9BB2B5003E386B /* Video.swift */; };
		E7FCB3F82A9BBA2F003E386B /* VideoListView.swift in Sources */ = {isa = PBXBuildFile; fileRef = E7FCB3F72A9BBA2F003E386B /* VideoListView.swift */; };
		E7FCB3FA2A9BCAAB003E386B /* VideoPlayerView.swift in Sources */ = {isa = PBXBuildFile; fileRef = E7FCB3F92A9BCAAB003E386B /* VideoPlayerView.swift */; };
		E7FCB3FD2A9BCCF7003E386B /* VideoPlayer.swift in Sources */ = {isa = PBXBuildFile; fileRef = E7FCB3FC2A9BCCF7003E386B /* VideoPlayer.swift */; };
		E7FCB4072A9BE2A0003E386B /* URLImage in Frameworks */ = {isa = PBXBuildFile; productRef = E7FCB4062A9BE2A0003E386B /* URLImage */; };
		E7FCB4092A9BE2A0003E386B /* URLImageStore in Frameworks */ = {isa = PBXBuildFile; productRef = E7FCB4082A9BE2A0003E386B /* URLImageStore */; };
		E7FCB40B2A9BE7D4003E386B /* OnlineShopping.mp4 in Resources */ = {isa = PBXBuildFile; fileRef = E7FCB40A2A9BE7D3003E386B /* OnlineShopping.mp4 */; };
		E7FCB40E2A9BEC32003E386B /* SedgwickAveDisplay-Regular.ttf in Resources */ = {isa = PBXBuildFile; fileRef = E7FCB40D2A9BEC32003E386B /* SedgwickAveDisplay-Regular.ttf */; };
/* End PBXBuildFile section */

/* Begin PBXContainerItemProxy section */
		E776272A2A941D81008F8B82 /* PBXContainerItemProxy */ = {
			isa = PBXContainerItemProxy;
			containerPortal = E77627112A941D80008F8B82 /* Project object */;
			proxyType = 1;
			remoteGlobalIDString = E77627182A941D80008F8B82;
			remoteInfo = "E Commerce";
		};
		E77627342A941D81008F8B82 /* PBXContainerItemProxy */ = {
			isa = PBXContainerItemProxy;
			containerPortal = E77627112A941D80008F8B82 /* Project object */;
			proxyType = 1;
			remoteGlobalIDString = E77627182A941D80008F8B82;
			remoteInfo = "E Commerce";
		};
/* End PBXContainerItemProxy section */

/* Begin PBXFileReference section */
		E73E2D252A9FFD6500F213EF /* BackendSimulator.swift */ = {isa = PBXFileReference; lastKnownFileType = sourcecode.swift; path = BackendSimulator.swift; sourceTree = "<group>"; };
		E73E2D272A9FFDAC00F213EF /* PaymentProvider.swift */ = {isa = PBXFileReference; lastKnownFileType = sourcecode.swift; path = PaymentProvider.swift; sourceTree = "<group>"; };
		E73E2D2C2A9FFE0900F213EF /* ServerView.swift */ = {isa = PBXFileReference; lastKnownFileType = sourcecode.swift; path = ServerView.swift; sourceTree = "<group>"; };
		E73E2D2F2A9FFFEB00F213EF /* Pdf2View.swift */ = {isa = PBXFileReference; lastKnownFileType = sourcecode.swift; path = Pdf2View.swift; sourceTree = "<group>"; };
		E73E2D312AA0002100F213EF /* PdfExtension.swift */ = {isa = PBXFileReference; lastKnownFileType = sourcecode.swift; path = PdfExtension.swift; sourceTree = "<group>"; };
		E73E2D332AA0005C00F213EF /* PdfShareSheet.swift */ = {isa = PBXFileReference; lastKnownFileType = sourcecode.swift; path = PdfShareSheet.swift; sourceTree = "<group>"; };
		E73E2D352AA000AE00F213EF /* PdfView.swift */ = {isa = PBXFileReference; lastKnownFileType = sourcecode.swift; path = PdfView.swift; sourceTree = "<group>"; };
		E73E2D3A2AA0010700F213EF /* CustomTextField.swift */ = {isa = PBXFileReference; lastKnownFileType = sourcecode.swift; path = CustomTextField.swift; sourceTree = "<group>"; };
		E73E2D3C2AA0013400F213EF /* CustomHeaderView.swift */ = {isa = PBXFileReference; lastKnownFileType = sourcecode.swift; path = CustomHeaderView.swift; sourceTree = "<group>"; };
		E73E2D3E2AA0015300F213EF /* Footer2View.swift */ = {isa = PBXFileReference; lastKnownFileType = sourcecode.swift; path = Footer2View.swift; sourceTree = "<group>"; };
		E73E2D412AA0174300F213EF /* CreateProfilHeaderView.swift */ = {isa = PBXFileReference; lastKnownFileType = sourcecode.swift; path = CreateProfilHeaderView.swift; sourceTree = "<group>"; };
		E73E2D442AA0202700F213EF /* AgreementButton.swift */ = {isa = PBXFileReference; lastKnownFileType = sourcecode.swift; path = AgreementButton.swift; sourceTree = "<group>"; };
		E73E2D472AA0207F00F213EF /* TermSection.swift */ = {isa = PBXFileReference; lastKnownFileType = sourcecode.swift; path = TermSection.swift; sourceTree = "<group>"; };
		E73E2D492AA020E200F213EF /* Employee.swift */ = {isa = PBXFileReference; lastKnownFileType = sourcecode.swift; path = Employee.swift; sourceTree = "<group>"; };
		E73E2D4B2AA0218300F213EF /* CallCenterViewModel.swift */ = {isa = PBXFileReference; lastKnownFileType = sourcecode.swift; path = CallCenterViewModel.swift; sourceTree = "<group>"; };
		E77279112A9CB37B00EBE7D7 /* ProductSizeSelectionShape.swift */ = {isa = PBXFileReference; lastKnownFileType = sourcecode.swift; path = ProductSizeSelectionShape.swift; sourceTree = "<group>"; };
		E772791D2A9DFFE200EBE7D7 /* SizeViewModel.swift */ = {isa = PBXFileReference; lastKnownFileType = sourcecode.swift; path = SizeViewModel.swift; sourceTree = "<group>"; };
		E77627192A941D80008F8B82 /* E Commerce.app */ = {isa = PBXFileReference; explicitFileType = wrapper.application; includeInIndex = 0; path = "E Commerce.app"; sourceTree = BUILT_PRODUCTS_DIR; };
		E776271C2A941D80008F8B82 /* E_CommerceApp.swift */ = {isa = PBXFileReference; lastKnownFileType = sourcecode.swift; path = E_CommerceApp.swift; sourceTree = "<group>"; };
		E776271E2A941D80008F8B82 /* ContentView.swift */ = {isa = PBXFileReference; lastKnownFileType = sourcecode.swift; path = ContentView.swift; sourceTree = "<group>"; };
		E77627202A941D81008F8B82 /* Assets.xcassets */ = {isa = PBXFileReference; lastKnownFileType = folder.assetcatalog; path = Assets.xcassets; sourceTree = "<group>"; };
		E77627232A941D81008F8B82 /* Preview Assets.xcassets */ = {isa = PBXFileReference; lastKnownFileType = folder.assetcatalog; path = "Preview Assets.xcassets"; sourceTree = "<group>"; };
		E77627292A941D81008F8B82 /* E CommerceTests.xctest */ = {isa = PBXFileReference; explicitFileType = wrapper.cfbundle; includeInIndex = 0; path = "E CommerceTests.xctest"; sourceTree = BUILT_PRODUCTS_DIR; };
		E776272D2A941D81008F8B82 /* E_CommerceTests.swift */ = {isa = PBXFileReference; lastKnownFileType = sourcecode.swift; path = E_CommerceTests.swift; sourceTree = "<group>"; };
		E77627332A941D81008F8B82 /* E CommerceUITests.xctest */ = {isa = PBXFileReference; explicitFileType = wrapper.cfbundle; includeInIndex = 0; path = "E CommerceUITests.xctest"; sourceTree = BUILT_PRODUCTS_DIR; };
		E77627372A941D81008F8B82 /* E_CommerceUITests.swift */ = {isa = PBXFileReference; lastKnownFileType = sourcecode.swift; path = E_CommerceUITests.swift; sourceTree = "<group>"; };
		E77627392A941D81008F8B82 /* E_CommerceUITestsLaunchTests.swift */ = {isa = PBXFileReference; lastKnownFileType = sourcecode.swift; path = E_CommerceUITestsLaunchTests.swift; sourceTree = "<group>"; };
		E77627462A941F1C008F8B82 /* SplashView.swift */ = {isa = PBXFileReference; lastKnownFileType = sourcecode.swift; path = SplashView.swift; sourceTree = "<group>"; };
		E77627492A94212C008F8B82 /* OnBoardingRules.swift */ = {isa = PBXFileReference; lastKnownFileType = sourcecode.swift; path = OnBoardingRules.swift; sourceTree = "<group>"; };
		E776274E2A9421BF008F8B82 /* OnBoardingView.swift */ = {isa = PBXFileReference; lastKnownFileType = sourcecode.swift; path = OnBoardingView.swift; sourceTree = "<group>"; };
		E77627512A942396008F8B82 /* LoginView.swift */ = {isa = PBXFileReference; lastKnownFileType = sourcecode.swift; path = LoginView.swift; sourceTree = "<group>"; };
		E77627532A9425F9008F8B82 /* AfterOnBoardingView.swift */ = {isa = PBXFileReference; lastKnownFileType = sourcecode.swift; path = AfterOnBoardingView.swift; sourceTree = "<group>"; };
		E77627552A942654008F8B82 /* OnboardItem.swift */ = {isa = PBXFileReference; lastKnownFileType = sourcecode.swift; path = OnboardItem.swift; sourceTree = "<group>"; };
		E77627582A94269A008F8B82 /* AuthService.swift */ = {isa = PBXFileReference; lastKnownFileType = sourcecode.swift; path = AuthService.swift; sourceTree = "<group>"; };
		E776277B2A942C39008F8B82 /* GoogleService-Info.plist */ = {isa = PBXFileReference; fileEncoding = 4; lastKnownFileType = text.plist.xml; path = "GoogleService-Info.plist"; sourceTree = "<group>"; };
		E776277E2A945E93008F8B82 /* AlertBanner.swift */ = {isa = PBXFileReference; lastKnownFileType = sourcecode.swift; path = AlertBanner.swift; sourceTree = "<group>"; };
		E77627812A947FE4008F8B82 /* HomeView.swift */ = {isa = PBXFileReference; lastKnownFileType = sourcecode.swift; path = HomeView.swift; sourceTree = "<group>"; };
		E77627872A948552008F8B82 /* Product.swift */ = {isa = PBXFileReference; lastKnownFileType = sourcecode.swift; path = Product.swift; sourceTree = "<group>"; };
		E776278A2A94B2BA008F8B82 /* AddCategoryPage.swift */ = {isa = PBXFileReference; lastKnownFileType = sourcecode.swift; path = AddCategoryPage.swift; sourceTree = "<group>"; };
		E77A24A52A9571C200BE725F /* CallCenterView.swift */ = {isa = PBXFileReference; lastKnownFileType = sourcecode.swift; path = CallCenterView.swift; sourceTree = "<group>"; };
		E77A24A82A95781B00BE725F /* SearchView.swift */ = {isa = PBXFileReference; lastKnownFileType = sourcecode.swift; path = SearchView.swift; sourceTree = "<group>"; };
		E77A24AA2A9579A800BE725F /* SearchHeaderView.swift */ = {isa = PBXFileReference; lastKnownFileType = sourcecode.swift; path = SearchHeaderView.swift; sourceTree = "<group>"; };
		E77A24AE2A95854400BE725F /* CustomShape.swift */ = {isa = PBXFileReference; lastKnownFileType = sourcecode.swift; path = CustomShape.swift; sourceTree = "<group>"; };
		E77A24BB2A9587C100BE725F /* SettingView.swift */ = {isa = PBXFileReference; lastKnownFileType = sourcecode.swift; path = SettingView.swift; sourceTree = "<group>"; };
		E77A24BE2A95881000BE725F /* TermsOfServiceView.swift */ = {isa = PBXFileReference; lastKnownFileType = sourcecode.swift; path = TermsOfServiceView.swift; sourceTree = "<group>"; };
		E77A24C12A95885500BE725F /* CreateProfileView.swift */ = {isa = PBXFileReference; lastKnownFileType = sourcecode.swift; path = CreateProfileView.swift; sourceTree = "<group>"; };
		E77A24C32A95FFE800BE725F /* AlertInformationBanner.swift */ = {isa = PBXFileReference; lastKnownFileType = sourcecode.swift; path = AlertInformationBanner.swift; sourceTree = "<group>"; };
		E77A24C82A96E40600BE725F /* NotificationView.swift */ = {isa = PBXFileReference; lastKnownFileType = sourcecode.swift; path = NotificationView.swift; sourceTree = "<group>"; };
		E77A24CA2A96F7DC00BE725F /* AddedToBag.swift */ = {isa = PBXFileReference; lastKnownFileType = sourcecode.swift; path = AddedToBag.swift; sourceTree = "<group>"; };
		E77A24D12A97816600BE725F /* FAQQuestion.swift */ = {isa = PBXFileReference; lastKnownFileType = sourcecode.swift; path = FAQQuestion.swift; sourceTree = "<group>"; };
		E77A24D32A97818700BE725F /* FAQSection.swift */ = {isa = PBXFileReference; lastKnownFileType = sourcecode.swift; path = FAQSection.swift; sourceTree = "<group>"; };
		E77A24D62A97831A00BE725F /* FAQViewModel.swift */ = {isa = PBXFileReference; lastKnownFileType = sourcecode.swift; path = FAQViewModel.swift; sourceTree = "<group>"; };
		E77A24DC2A9788E000BE725F /* FilterView.swift */ = {isa = PBXFileReference; lastKnownFileType = sourcecode.swift; path = FilterView.swift; sourceTree = "<group>"; };
		E77A24DE2A978A3A00BE725F /* CheckOutBanner.swift */ = {isa = PBXFileReference; lastKnownFileType = sourcecode.swift; path = CheckOutBanner.swift; sourceTree = "<group>"; };
		E77A24E02A9796E800BE725F /* OrderPlacedBanner.swift */ = {isa = PBXFileReference; lastKnownFileType = sourcecode.swift; path = OrderPlacedBanner.swift; sourceTree = "<group>"; };
		E77A24E32A979B2200BE725F /* TrackingOrderView.swift */ = {isa = PBXFileReference; lastKnownFileType = sourcecode.swift; path = TrackingOrderView.swift; sourceTree = "<group>"; };
		E77A24E52A97D55000BE725F /* CheckBoxView.swift */ = {isa = PBXFileReference; lastKnownFileType = sourcecode.swift; path = CheckBoxView.swift; sourceTree = "<group>"; };
		E77A24E82A97E53900BE725F /* Order.swift */ = {isa = PBXFileReference; lastKnownFileType = sourcecode.swift; path = Order.swift; sourceTree = "<group>"; };
		E77A24EA2A97E5BE00BE725F /* TrackingOrderViewModel.swift */ = {isa = PBXFileReference; lastKnownFileType = sourcecode.swift; path = TrackingOrderViewModel.swift; sourceTree = "<group>"; };
		E77A24EC2A97E61D00BE725F /* TrackingHeaderShape.swift */ = {isa = PBXFileReference; lastKnownFileType = sourcecode.swift; path = TrackingHeaderShape.swift; sourceTree = "<group>"; };
		E78815DE2AA69E28008572C7 /* MensViewModel.swift */ = {isa = PBXFileReference; lastKnownFileType = sourcecode.swift; path = MensViewModel.swift; sourceTree = "<group>"; };
		E78815E02AA69E4F008572C7 /* WomanClothingViewModel.swift */ = {isa = PBXFileReference; lastKnownFileType = sourcecode.swift; path = WomanClothingViewModel.swift; sourceTree = "<group>"; };
		E78815E22AA69E8D008572C7 /* MenClothingView.swift */ = {isa = PBXFileReference; lastKnownFileType = sourcecode.swift; path = MenClothingView.swift; sourceTree = "<group>"; };
		E78815E42AA69EC5008572C7 /* WomanClothingView.swift */ = {isa = PBXFileReference; lastKnownFileType = sourcecode.swift; path = WomanClothingView.swift; sourceTree = "<group>"; };
		E78815E62AA69EE5008572C7 /* CategoryProductView.swift */ = {isa = PBXFileReference; lastKnownFileType = sourcecode.swift; path = CategoryProductView.swift; sourceTree = "<group>"; };
		E78815E92AA69F2C008572C7 /* FooterView.swift */ = {isa = PBXFileReference; lastKnownFileType = sourcecode.swift; path = FooterView.swift; sourceTree = "<group>"; };
		E78815EB2AA69F6C008572C7 /* Rating.swift */ = {isa = PBXFileReference; lastKnownFileType = sourcecode.swift; path = Rating.swift; sourceTree = "<group>"; };
		E78815F12AA740E2008572C7 /* PaymentMethodView.swift */ = {isa = PBXFileReference; lastKnownFileType = sourcecode.swift; path = PaymentMethodView.swift; sourceTree = "<group>"; };
		E78815FB2AA8007B008572C7 /* PaymentMethod.swift */ = {isa = PBXFileReference; lastKnownFileType = sourcecode.swift; path = PaymentMethod.swift; sourceTree = "<group>"; };
		E78815FD2AA800C3008572C7 /* PaymentMethodDetailView.swift */ = {isa = PBXFileReference; lastKnownFileType = sourcecode.swift; path = PaymentMethodDetailView.swift; sourceTree = "<group>"; };
		E78815FF2AA800F9008572C7 /* PaymentListShape.swift */ = {isa = PBXFileReference; lastKnownFileType = sourcecode.swift; path = PaymentListShape.swift; sourceTree = "<group>"; };
		E78816012AA8013A008572C7 /* PayButton.swift */ = {isa = PBXFileReference; lastKnownFileType = sourcecode.swift; path = PayButton.swift; sourceTree = "<group>"; };
		E78816042AA80532008572C7 /* CheckOutAddressCard.swift */ = {isa = PBXFileReference; lastKnownFileType = sourcecode.swift; path = CheckOutAddressCard.swift; sourceTree = "<group>"; };
		E78816062AA80595008572C7 /* DiscountBar.swift */ = {isa = PBXFileReference; lastKnownFileType = sourcecode.swift; path = DiscountBar.swift; sourceTree = "<group>"; };
		E788160B2AA80A60008572C7 /* Size.swift */ = {isa = PBXFileReference; lastKnownFileType = sourcecode.swift; path = Size.swift; sourceTree = "<group>"; };
		E7AC696C2A98D70600EA63E0 /* PaymentView.swift */ = {isa = PBXFileReference; lastKnownFileType = sourcecode.swift; path = PaymentView.swift; sourceTree = "<group>"; };
		E7FCB3782A9A73CD003E386B /* PaymentCardNumberView.swift */ = {isa = PBXFileReference; lastKnownFileType = sourcecode.swift; path = PaymentCardNumberView.swift; sourceTree = "<group>"; };
		E7FCB37A2A9A7402003E386B /* PaymentTextField1View.swift */ = {isa = PBXFileReference; lastKnownFileType = sourcecode.swift; path = PaymentTextField1View.swift; sourceTree = "<group>"; };
		E7FCB37C2A9A7426003E386B /* PaymentTextField2View.swift */ = {isa = PBXFileReference; lastKnownFileType = sourcecode.swift; path = PaymentTextField2View.swift; sourceTree = "<group>"; };
		E7FCB37E2A9A745F003E386B /* PaymentProgressBarView.swift */ = {isa = PBXFileReference; lastKnownFileType = sourcecode.swift; path = PaymentProgressBarView.swift; sourceTree = "<group>"; };
		E7FCB3802A9A7484003E386B /* PaymentSaveButtonShape.swift */ = {isa = PBXFileReference; lastKnownFileType = sourcecode.swift; path = PaymentSaveButtonShape.swift; sourceTree = "<group>"; };
		E7FCB3822A9A74A9003E386B /* PaymentBoxShape.swift */ = {isa = PBXFileReference; lastKnownFileType = sourcecode.swift; path = PaymentBoxShape.swift; sourceTree = "<group>"; };
		E7FCB3842A9A74CD003E386B /* PaymentButton.swift */ = {isa = PBXFileReference; lastKnownFileType = sourcecode.swift; path = PaymentButton.swift; sourceTree = "<group>"; };
		E7FCB3862A9A74EC003E386B /* PaymentHeaderView.swift */ = {isa = PBXFileReference; lastKnownFileType = sourcecode.swift; path = PaymentHeaderView.swift; sourceTree = "<group>"; };
		E7FCB3882A9A991D003E386B /* LogOutShape.swift */ = {isa = PBXFileReference; lastKnownFileType = sourcecode.swift; path = LogOutShape.swift; sourceTree = "<group>"; };
		E7FCB38B2A9A9F7C003E386B /* UIViewControllerRepresentable.swift */ = {isa = PBXFileReference; lastKnownFileType = sourcecode.swift; path = UIViewControllerRepresentable.swift; sourceTree = "<group>"; };
		E7FCB38E2A9AA6FD003E386B /* UIImageView.swift */ = {isa = PBXFileReference; lastKnownFileType = sourcecode.swift; path = UIImageView.swift; sourceTree = "<group>"; };
		E7FCB3922A9AABF4003E386B /* CodableBundleExtension.swift */ = {isa = PBXFileReference; lastKnownFileType = sourcecode.swift; path = CodableBundleExtension.swift; sourceTree = "<group>"; };
		E7FCB3952A9AAC80003E386B /* category.json */ = {isa = PBXFileReference; fileEncoding = 4; lastKnownFileType = text.json; path = category.json; sourceTree = "<group>"; };
		E7FCB3D62A9AC83B003E386B /* Category.swift */ = {isa = PBXFileReference; lastKnownFileType = sourcecode.swift; path = Category.swift; sourceTree = "<group>"; };
		E7FCB3E22A9B5946003E386B /* ProductView.swift */ = {isa = PBXFileReference; lastKnownFileType = sourcecode.swift; path = ProductView.swift; sourceTree = "<group>"; };
		E7FCB3E42A9B5981003E386B /* ProductDetail.swift */ = {isa = PBXFileReference; lastKnownFileType = sourcecode.swift; path = ProductDetail.swift; sourceTree = "<group>"; };
		E7FCB3E62A9B59DA003E386B /* ProductViewModel.swift */ = {isa = PBXFileReference; lastKnownFileType = sourcecode.swift; path = ProductViewModel.swift; sourceTree = "<group>"; };
		E7FCB3E82A9B5A01003E386B /* ApiService.swift */ = {isa = PBXFileReference; lastKnownFileType = sourcecode.swift; path = ApiService.swift; sourceTree = "<group>"; };
		E7FCB3EB2A9B66F1003E386B /* VideoListItem.swift */ = {isa = PBXFileReference; lastKnownFileType = sourcecode.swift; path = VideoListItem.swift; sourceTree = "<group>"; };
		E7FCB3F02A9B7134003E386B /* videos.json */ = {isa = PBXFileReference; fileEncoding = 4; lastKnownFileType = text.json; path = videos.json; sourceTree = "<group>"; };
		E7FCB3F22A9B7397003E386B /* VideoModel.swift */ = {isa = PBXFileReference; lastKnownFileType = sourcecode.swift; path = VideoModel.swift; sourceTree = "<group>"; };
		E7FCB3F42A9BB092003E386B /* E-Commerce-Info.plist */ = {isa = PBXFileReference; lastKnownFileType = text.plist; path = "E-Commerce-Info.plist"; sourceTree = SOURCE_ROOT; };
		E7FCB3F52A9BB2B5003E386B /* Video.swift */ = {isa = PBXFileReference; lastKnownFileType = sourcecode.swift; path = Video.swift; sourceTree = "<group>"; };
		E7FCB3F72A9BBA2F003E386B /* VideoListView.swift */ = {isa = PBXFileReference; lastKnownFileType = sourcecode.swift; path = VideoListView.swift; sourceTree = "<group>"; };
		E7FCB3F92A9BCAAB003E386B /* VideoPlayerView.swift */ = {isa = PBXFileReference; lastKnownFileType = sourcecode.swift; path = VideoPlayerView.swift; sourceTree = "<group>"; };
		E7FCB3FC2A9BCCF7003E386B /* VideoPlayer.swift */ = {isa = PBXFileReference; lastKnownFileType = sourcecode.swift; path = VideoPlayer.swift; sourceTree = "<group>"; };
		E7FCB40A2A9BE7D3003E386B /* OnlineShopping.mp4 */ = {isa = PBXFileReference; lastKnownFileType = file; path = OnlineShopping.mp4; sourceTree = "<group>"; };
		E7FCB40D2A9BEC32003E386B /* SedgwickAveDisplay-Regular.ttf */ = {isa = PBXFileReference; lastKnownFileType = file; path = "SedgwickAveDisplay-Regular.ttf"; sourceTree = "<group>"; };
/* End PBXFileReference section */

/* Begin PBXFrameworksBuildPhase section */
		E77627162A941D80008F8B82 /* Frameworks */ = {
			isa = PBXFrameworksBuildPhase;
			buildActionMask = 2147483647;
			files = (
				E776276A2A94295F008F8B82 /* FirebaseDatabaseSwift in Frameworks */,
				E77627602A94295F008F8B82 /* FirebaseAnalyticsSwift in Frameworks */,
				E77627762A94295F008F8B82 /* FirebaseMessaging in Frameworks */,
				E77627662A94295F008F8B82 /* FirebaseAuthCombine-Community in Frameworks */,
				E7FCB4092A9BE2A0003E386B /* URLImageStore in Frameworks */,
				E776276E2A94295F008F8B82 /* FirebaseFirestoreCombine-Community in Frameworks */,
				E77627642A94295F008F8B82 /* FirebaseAuth in Frameworks */,
				E77627702A94295F008F8B82 /* FirebaseFirestoreSwift in Frameworks */,
				E776275C2A94295F008F8B82 /* FirebaseAnalytics in Frameworks */,
				E77627782A94295F008F8B82 /* FirebaseStorage in Frameworks */,
				E776276C2A94295F008F8B82 /* FirebaseFirestore in Frameworks */,
				E776277A2A94295F008F8B82 /* FirebaseStorageCombine-Community in Frameworks */,
				E77627742A94295F008F8B82 /* FirebaseInAppMessagingSwift-Beta in Frameworks */,
				E776275E2A94295F008F8B82 /* FirebaseAnalyticsOnDeviceConversion in Frameworks */,
				E73E2D512AA0265B00F213EF /* GSPlayer in Frameworks */,
				E77627682A94295F008F8B82 /* FirebaseDatabase in Frameworks */,
				E77627622A94295F008F8B82 /* FirebaseAnalyticsWithoutAdIdSupport in Frameworks */,
				E77627722A94295F008F8B82 /* FirebaseInAppMessaging-Beta in Frameworks */,
				E7FCB4072A9BE2A0003E386B /* URLImage in Frameworks */,
			);
			runOnlyForDeploymentPostprocessing = 0;
		};
		E77627262A941D81008F8B82 /* Frameworks */ = {
			isa = PBXFrameworksBuildPhase;
			buildActionMask = 2147483647;
			files = (
			);
			runOnlyForDeploymentPostprocessing = 0;
		};
		E77627302A941D81008F8B82 /* Frameworks */ = {
			isa = PBXFrameworksBuildPhase;
			buildActionMask = 2147483647;
			files = (
			);
			runOnlyForDeploymentPostprocessing = 0;
		};
/* End PBXFrameworksBuildPhase section */

/* Begin PBXGroup section */
		E73E2D242A9FFD4A00F213EF /* FakeServer */ = {
			isa = PBXGroup;
			children = (
				E73E2D252A9FFD6500F213EF /* BackendSimulator.swift */,
			);
			path = FakeServer;
			sourceTree = "<group>";
		};
		E73E2D2B2A9FFDE900F213EF /* Server */ = {
			isa = PBXGroup;
			children = (
				E73E2D2C2A9FFE0900F213EF /* ServerView.swift */,
			);
			path = Server;
			sourceTree = "<group>";
		};
		E73E2D2E2A9FFFD200F213EF /* PDF */ = {
			isa = PBXGroup;
			children = (
				E73E2D522AA0272500F213EF /* PDFSHEET */,
				E73E2D392AA000E100F213EF /* CustomTextField */,
				E73E2D382AA000CA00F213EF /* Footer */,
				E73E2D372AA000C200F213EF /* Header */,
				E73E2D2F2A9FFFEB00F213EF /* Pdf2View.swift */,
				E73E2D352AA000AE00F213EF /* PdfView.swift */,
			);
			path = PDF;
			sourceTree = "<group>";
		};
		E73E2D372AA000C200F213EF /* Header */ = {
			isa = PBXGroup;
			children = (
				E73E2D3C2AA0013400F213EF /* CustomHeaderView.swift */,
			);
			path = Header;
			sourceTree = "<group>";
		};
		E73E2D382AA000CA00F213EF /* Footer */ = {
			isa = PBXGroup;
			children = (
				E73E2D3E2AA0015300F213EF /* Footer2View.swift */,
			);
			path = Footer;
			sourceTree = "<group>";
		};
		E73E2D392AA000E100F213EF /* CustomTextField */ = {
			isa = PBXGroup;
			children = (
				E73E2D3A2AA0010700F213EF /* CustomTextField.swift */,
			);
			name = CustomTextField;
			sourceTree = "<group>";
		};
		E73E2D402AA0172900F213EF /* Header */ = {
			isa = PBXGroup;
			children = (
				E73E2D412AA0174300F213EF /* CreateProfilHeaderView.swift */,
			);
			path = Header;
			sourceTree = "<group>";
		};
		E73E2D432AA0200D00F213EF /* TermsButton */ = {
			isa = PBXGroup;
			children = (
				E73E2D442AA0202700F213EF /* AgreementButton.swift */,
			);
			path = TermsButton;
			sourceTree = "<group>";
		};
		E73E2D462AA0206800F213EF /* Section */ = {
			isa = PBXGroup;
			children = (
				E73E2D472AA0207F00F213EF /* TermSection.swift */,
			);
			path = Section;
			sourceTree = "<group>";
		};
		E73E2D4D2AA0238500F213EF /* AUTH */ = {
			isa = PBXGroup;
			children = (
				E77627582A94269A008F8B82 /* AuthService.swift */,
			);
			path = AUTH;
			sourceTree = "<group>";
		};
		E73E2D4E2AA0239500F213EF /* NETWORK */ = {
			isa = PBXGroup;
			children = (
				E7FCB3E82A9B5A01003E386B /* ApiService.swift */,
			);
			path = NETWORK;
			sourceTree = "<group>";
		};
		E73E2D522AA0272500F213EF /* PDFSHEET */ = {
			isa = PBXGroup;
			children = (
				E73E2D332AA0005C00F213EF /* PdfShareSheet.swift */,
			);
			path = PDFSHEET;
			sourceTree = "<group>";
		};
		E77627102A941D80008F8B82 = {
			isa = PBXGroup;
			children = (
				E776277B2A942C39008F8B82 /* GoogleService-Info.plist */,
				E7FCB3F42A9BB092003E386B /* E-Commerce-Info.plist */,
				E776271B2A941D80008F8B82 /* E Commerce */,
				E776272C2A941D81008F8B82 /* E CommerceTests */,
				E77627362A941D81008F8B82 /* E CommerceUITests */,
				E776271A2A941D80008F8B82 /* Products */,
			);
			sourceTree = "<group>";
		};
		E776271A2A941D80008F8B82 /* Products */ = {
			isa = PBXGroup;
			children = (
				E77627192A941D80008F8B82 /* E Commerce.app */,
				E77627292A941D81008F8B82 /* E CommerceTests.xctest */,
				E77627332A941D81008F8B82 /* E CommerceUITests.xctest */,
			);
			name = Products;
			sourceTree = "<group>";
		};
		E776271B2A941D80008F8B82 /* E Commerce */ = {
			isa = PBXGroup;
			children = (
				E73E2D242A9FFD4A00F213EF /* FakeServer */,
				E7FCB40C2A9BEC15003E386B /* Fonts */,
				E7FCB3FE2A9BD9AB003E386B /* Vids */,
				E7FCB3FB2A9BCCD7003E386B /* Helper */,
				E7FCB3942A9AAC68003E386B /* JSONS */,
				E7FCB38D2A9AA6D9003E386B /* Extensions */,
				E77A24D52A97830A00BE725F /* ViewModels */,
				E77627862A948537008F8B82 /* Models */,
				E77627572A94268B008F8B82 /* Service */,
				E77627482A942104008F8B82 /* Views */,
				E776271C2A941D80008F8B82 /* E_CommerceApp.swift */,
				E77627202A941D81008F8B82 /* Assets.xcassets */,
				E77627222A941D81008F8B82 /* Preview Content */,
			);
			path = "E Commerce";
			sourceTree = "<group>";
		};
		E77627222A941D81008F8B82 /* Preview Content */ = {
			isa = PBXGroup;
			children = (
				E77627232A941D81008F8B82 /* Preview Assets.xcassets */,
			);
			path = "Preview Content";
			sourceTree = "<group>";
		};
		E776272C2A941D81008F8B82 /* E CommerceTests */ = {
			isa = PBXGroup;
			children = (
				E776272D2A941D81008F8B82 /* E_CommerceTests.swift */,
			);
			path = "E CommerceTests";
			sourceTree = "<group>";
		};
		E77627362A941D81008F8B82 /* E CommerceUITests */ = {
			isa = PBXGroup;
			children = (
				E77627372A941D81008F8B82 /* E_CommerceUITests.swift */,
				E77627392A941D81008F8B82 /* E_CommerceUITestsLaunchTests.swift */,
			);
			path = "E CommerceUITests";
			sourceTree = "<group>";
		};
		E77627482A942104008F8B82 /* Views */ = {
			isa = PBXGroup;
			children = (
				E73E2D2E2A9FFFD200F213EF /* PDF */,
				E73E2D2B2A9FFDE900F213EF /* Server */,
				E7FCB3EA2A9B66DC003E386B /* HelpVideos */,
				E7AC696B2A98D6F800EA63E0 /* Payment */,
				E77A24E22A979B0200BE725F /* TrackingOrder */,
				E77A24DB2A9788D200BE725F /* Filter */,
				E77A24C72A96E3DC00BE725F /* Notifications */,
				E77A24C02A95884200BE725F /* Profile */,
				E77A24BD2A9587F100BE725F /* Terms */,
				E77A24BA2A9587B000BE725F /* Settings */,
				E77A24A72A9577FE00BE725F /* Searching */,
				E77A24A42A9571A000BE725F /* CallCenter */,
				E776278C2A94B2E9008F8B82 /* Shapes */,
				E77627892A94B29E008F8B82 /* CategoriePage */,
				E77627802A947FCD008F8B82 /* Home */,
				E776277D2A945E6F008F8B82 /* Alerts */,
				E776274B2A942161008F8B82 /* Splash */,
				E776274D2A94219F008F8B82 /* OnBoarding */,
				E77627502A942385008F8B82 /* Login */,
				E776274C2A942174008F8B82 /* Rules */,
				E776271E2A941D80008F8B82 /* ContentView.swift */,
			);
			path = Views;
			sourceTree = "<group>";
		};
		E776274B2A942161008F8B82 /* Splash */ = {
			isa = PBXGroup;
			children = (
				E77627462A941F1C008F8B82 /* SplashView.swift */,
			);
			path = Splash;
			sourceTree = "<group>";
		};
		E776274C2A942174008F8B82 /* Rules */ = {
			isa = PBXGroup;
			children = (
				E77627492A94212C008F8B82 /* OnBoardingRules.swift */,
			);
			path = Rules;
			sourceTree = "<group>";
		};
		E776274D2A94219F008F8B82 /* OnBoarding */ = {
			isa = PBXGroup;
			children = (
				E776274E2A9421BF008F8B82 /* OnBoardingView.swift */,
				E77627532A9425F9008F8B82 /* AfterOnBoardingView.swift */,
				E77627552A942654008F8B82 /* OnboardItem.swift */,
			);
			path = OnBoarding;
			sourceTree = "<group>";
		};
		E77627502A942385008F8B82 /* Login */ = {
			isa = PBXGroup;
			children = (
				E77627512A942396008F8B82 /* LoginView.swift */,
				E7FCB3882A9A991D003E386B /* LogOutShape.swift */,
			);
			path = Login;
			sourceTree = "<group>";
		};
		E77627572A94268B008F8B82 /* Service */ = {
			isa = PBXGroup;
			children = (
				E73E2D4E2AA0239500F213EF /* NETWORK */,
				E73E2D4D2AA0238500F213EF /* AUTH */,
			);
			path = Service;
			sourceTree = "<group>";
		};
		E776277D2A945E6F008F8B82 /* Alerts */ = {
			isa = PBXGroup;
			children = (
				E78816032AA80521008572C7 /* Cards */,
				E776277E2A945E93008F8B82 /* AlertBanner.swift */,
				E77A24C32A95FFE800BE725F /* AlertInformationBanner.swift */,
				E77A24CA2A96F7DC00BE725F /* AddedToBag.swift */,
				E77A24DE2A978A3A00BE725F /* CheckOutBanner.swift */,
				E77A24E02A9796E800BE725F /* OrderPlacedBanner.swift */,
				E78816062AA80595008572C7 /* DiscountBar.swift */,
			);
			path = Alerts;
			sourceTree = "<group>";
		};
		E77627802A947FCD008F8B82 /* Home */ = {
			isa = PBXGroup;
			children = (
				E77A24E72A97E4DC00BE725F /* HeadView */,
			);
			path = Home;
			sourceTree = "<group>";
		};
		E77627862A948537008F8B82 /* Models */ = {
			isa = PBXGroup;
			children = (
				E77627872A948552008F8B82 /* Product.swift */,
				E77A24D12A97816600BE725F /* FAQQuestion.swift */,
				E77A24D32A97818700BE725F /* FAQSection.swift */,
				E77A24E82A97E53900BE725F /* Order.swift */,
				E7FCB3F22A9B7397003E386B /* VideoModel.swift */,
				E7FCB3F52A9BB2B5003E386B /* Video.swift */,
				E73E2D272A9FFDAC00F213EF /* PaymentProvider.swift */,
				E73E2D492AA020E200F213EF /* Employee.swift */,
				E78815EB2AA69F6C008572C7 /* Rating.swift */,
				E78815FB2AA8007B008572C7 /* PaymentMethod.swift */,
				E788160B2AA80A60008572C7 /* Size.swift */,
			);
			path = Models;
			sourceTree = "<group>";
		};
		E77627892A94B29E008F8B82 /* CategoriePage */ = {
			isa = PBXGroup;
			children = (
				E78815E82AA69F05008572C7 /* CategoryFooter */,
				E7FCB3D52A9AC829003E386B /* Enums */,
				E77A24D82A97838600BE725F /* HeadView */,
				E77A24DA2A9783C700BE725F /* KindViews */,
			);
			path = CategoriePage;
			sourceTree = "<group>";
		};
		E776278C2A94B2E9008F8B82 /* Shapes */ = {
			isa = PBXGroup;
			children = (
				E77A24AE2A95854400BE725F /* CustomShape.swift */,
			);
			path = Shapes;
			sourceTree = "<group>";
		};
		E77A24A42A9571A000BE725F /* CallCenter */ = {
			isa = PBXGroup;
			children = (
				E77A24A52A9571C200BE725F /* CallCenterView.swift */,
			);
			path = CallCenter;
			sourceTree = "<group>";
		};
		E77A24A72A9577FE00BE725F /* Searching */ = {
			isa = PBXGroup;
			children = (
				E77A24A82A95781B00BE725F /* SearchView.swift */,
				E77A24AA2A9579A800BE725F /* SearchHeaderView.swift */,
			);
			path = Searching;
			sourceTree = "<group>";
		};
		E77A24BA2A9587B000BE725F /* Settings */ = {
			isa = PBXGroup;
			children = (
				E77A24BB2A9587C100BE725F /* SettingView.swift */,
			);
			path = Settings;
			sourceTree = "<group>";
		};
		E77A24BD2A9587F100BE725F /* Terms */ = {
			isa = PBXGroup;
			children = (
				E73E2D462AA0206800F213EF /* Section */,
				E73E2D432AA0200D00F213EF /* TermsButton */,
				E77A24BE2A95881000BE725F /* TermsOfServiceView.swift */,
			);
			path = Terms;
			sourceTree = "<group>";
		};
		E77A24C02A95884200BE725F /* Profile */ = {
			isa = PBXGroup;
			children = (
				E73E2D402AA0172900F213EF /* Header */,
				E77A24C12A95885500BE725F /* CreateProfileView.swift */,
			);
			path = Profile;
			sourceTree = "<group>";
		};
		E77A24C72A96E3DC00BE725F /* Notifications */ = {
			isa = PBXGroup;
			children = (
				E77A24C82A96E40600BE725F /* NotificationView.swift */,
			);
			path = Notifications;
			sourceTree = "<group>";
		};
		E77A24D52A97830A00BE725F /* ViewModels */ = {
			isa = PBXGroup;
			children = (
				E77A24D62A97831A00BE725F /* FAQViewModel.swift */,
				E77A24EA2A97E5BE00BE725F /* TrackingOrderViewModel.swift */,
				E7FCB3E62A9B59DA003E386B /* ProductViewModel.swift */,
				E772791D2A9DFFE200EBE7D7 /* SizeViewModel.swift */,
				E73E2D4B2AA0218300F213EF /* CallCenterViewModel.swift */,
				E78815DE2AA69E28008572C7 /* MensViewModel.swift */,
				E78815E02AA69E4F008572C7 /* WomanClothingViewModel.swift */,
			);
			path = ViewModels;
			sourceTree = "<group>";
		};
		E77A24D82A97838600BE725F /* HeadView */ = {
			isa = PBXGroup;
			children = (
				E776278A2A94B2BA008F8B82 /* AddCategoryPage.swift */,
			);
			path = HeadView;
			sourceTree = "<group>";
		};
		E77A24DA2A9783C700BE725F /* KindViews */ = {
			isa = PBXGroup;
			children = (
				E7FCB3E22A9B5946003E386B /* ProductView.swift */,
				E7FCB3E42A9B5981003E386B /* ProductDetail.swift */,
				E77279112A9CB37B00EBE7D7 /* ProductSizeSelectionShape.swift */,
				E78815E22AA69E8D008572C7 /* MenClothingView.swift */,
				E78815E42AA69EC5008572C7 /* WomanClothingView.swift */,
				E78815E62AA69EE5008572C7 /* CategoryProductView.swift */,
			);
			path = KindViews;
			sourceTree = "<group>";
		};
		E77A24DB2A9788D200BE725F /* Filter */ = {
			isa = PBXGroup;
			children = (
				E77A24DC2A9788E000BE725F /* FilterView.swift */,
			);
			path = Filter;
			sourceTree = "<group>";
		};
		E77A24E22A979B0200BE725F /* TrackingOrder */ = {
			isa = PBXGroup;
			children = (
				E77A24E32A979B2200BE725F /* TrackingOrderView.swift */,
				E77A24E52A97D55000BE725F /* CheckBoxView.swift */,
				E77A24EC2A97E61D00BE725F /* TrackingHeaderShape.swift */,
			);
			path = TrackingOrder;
			sourceTree = "<group>";
		};
		E77A24E72A97E4DC00BE725F /* HeadView */ = {
			isa = PBXGroup;
			children = (
				E77627812A947FE4008F8B82 /* HomeView.swift */,
			);
			path = HeadView;
			sourceTree = "<group>";
		};
		E78815E82AA69F05008572C7 /* CategoryFooter */ = {
			isa = PBXGroup;
			children = (
				E78815E92AA69F2C008572C7 /* FooterView.swift */,
			);
			path = CategoryFooter;
			sourceTree = "<group>";
		};
		E78816032AA80521008572C7 /* Cards */ = {
			isa = PBXGroup;
			children = (
				E78816042AA80532008572C7 /* CheckOutAddressCard.swift */,
			);
			path = Cards;
			sourceTree = "<group>";
		};
		E78816082AA80771008572C7 /* BundleExtension */ = {
			isa = PBXGroup;
			children = (
				E7FCB3922A9AABF4003E386B /* CodableBundleExtension.swift */,
			);
			path = BundleExtension;
			sourceTree = "<group>";
		};
		E78816092AA80787008572C7 /* UIImage */ = {
			isa = PBXGroup;
			children = (
				E7FCB38E2A9AA6FD003E386B /* UIImageView.swift */,
			);
			path = UIImage;
			sourceTree = "<group>";
		};
		E788160A2AA807BD008572C7 /* PDFExtension */ = {
			isa = PBXGroup;
			children = (
				E73E2D312AA0002100F213EF /* PdfExtension.swift */,
			);
			path = PDFExtension;
			sourceTree = "<group>";
		};
		E7AC696B2A98D6F800EA63E0 /* Payment */ = {
			isa = PBXGroup;
			children = (
				E7AC696C2A98D70600EA63E0 /* PaymentView.swift */,
				E7FCB3782A9A73CD003E386B /* PaymentCardNumberView.swift */,
				E7FCB37A2A9A7402003E386B /* PaymentTextField1View.swift */,
				E7FCB37C2A9A7426003E386B /* PaymentTextField2View.swift */,
				E7FCB37E2A9A745F003E386B /* PaymentProgressBarView.swift */,
				E7FCB3802A9A7484003E386B /* PaymentSaveButtonShape.swift */,
				E7FCB3822A9A74A9003E386B /* PaymentBoxShape.swift */,
				E7FCB3842A9A74CD003E386B /* PaymentButton.swift */,
				E7FCB3862A9A74EC003E386B /* PaymentHeaderView.swift */,
				E78815F12AA740E2008572C7 /* PaymentMethodView.swift */,
				E78815FD2AA800C3008572C7 /* PaymentMethodDetailView.swift */,
				E78815FF2AA800F9008572C7 /* PaymentListShape.swift */,
				E78816012AA8013A008572C7 /* PayButton.swift */,
			);
			path = Payment;
			sourceTree = "<group>";
		};
		E7FCB38A2A9A9F6A003E386B /* ViewController */ = {
			isa = PBXGroup;
			children = (
				E7FCB38B2A9A9F7C003E386B /* UIViewControllerRepresentable.swift */,
			);
			path = ViewController;
			sourceTree = "<group>";
		};
		E7FCB38D2A9AA6D9003E386B /* Extensions */ = {
			isa = PBXGroup;
			children = (
				E788160A2AA807BD008572C7 /* PDFExtension */,
				E78816092AA80787008572C7 /* UIImage */,
				E78816082AA80771008572C7 /* BundleExtension */,
				E7FCB38A2A9A9F6A003E386B /* ViewController */,
			);
			path = Extensions;
			sourceTree = "<group>";
		};
		E7FCB3942A9AAC68003E386B /* JSONS */ = {
			isa = PBXGroup;
			children = (
				E7FCB3F02A9B7134003E386B /* videos.json */,
				E7FCB3952A9AAC80003E386B /* category.json */,
			);
			path = JSONS;
			sourceTree = "<group>";
		};
		E7FCB3D52A9AC829003E386B /* Enums */ = {
			isa = PBXGroup;
			children = (
				E7FCB3D62A9AC83B003E386B /* Category.swift */,
			);
			path = Enums;
			sourceTree = "<group>";
		};
		E7FCB3EA2A9B66DC003E386B /* HelpVideos */ = {
			isa = PBXGroup;
			children = (
				E7FCB3EB2A9B66F1003E386B /* VideoListItem.swift */,
				E7FCB3F72A9BBA2F003E386B /* VideoListView.swift */,
				E7FCB3F92A9BCAAB003E386B /* VideoPlayerView.swift */,
			);
			path = HelpVideos;
			sourceTree = "<group>";
		};
		E7FCB3FB2A9BCCD7003E386B /* Helper */ = {
			isa = PBXGroup;
			children = (
				E7FCB3FC2A9BCCF7003E386B /* VideoPlayer.swift */,
			);
			path = Helper;
			sourceTree = "<group>";
		};
		E7FCB3FE2A9BD9AB003E386B /* Vids */ = {
			isa = PBXGroup;
			children = (
				E7FCB40A2A9BE7D3003E386B /* OnlineShopping.mp4 */,
			);
			path = Vids;
			sourceTree = "<group>";
		};
		E7FCB40C2A9BEC15003E386B /* Fonts */ = {
			isa = PBXGroup;
			children = (
				E7FCB40D2A9BEC32003E386B /* SedgwickAveDisplay-Regular.ttf */,
			);
			path = Fonts;
			sourceTree = "<group>";
		};
/* End PBXGroup section */

/* Begin PBXNativeTarget section */
		E77627182A941D80008F8B82 /* E Commerce */ = {
			isa = PBXNativeTarget;
			buildConfigurationList = E776273D2A941D81008F8B82 /* Build configuration list for PBXNativeTarget "E Commerce" */;
			buildPhases = (
				E77627152A941D80008F8B82 /* Sources */,
				E77627162A941D80008F8B82 /* Frameworks */,
				E77627172A941D80008F8B82 /* Resources */,
			);
			buildRules = (
			);
			dependencies = (
			);
			name = "E Commerce";
			packageProductDependencies = (
				E776275B2A94295F008F8B82 /* FirebaseAnalytics */,
				E776275D2A94295F008F8B82 /* FirebaseAnalyticsOnDeviceConversion */,
				E776275F2A94295F008F8B82 /* FirebaseAnalyticsSwift */,
				E77627612A94295F008F8B82 /* FirebaseAnalyticsWithoutAdIdSupport */,
				E77627632A94295F008F8B82 /* FirebaseAuth */,
				E77627652A94295F008F8B82 /* FirebaseAuthCombine-Community */,
				E77627672A94295F008F8B82 /* FirebaseDatabase */,
				E77627692A94295F008F8B82 /* FirebaseDatabaseSwift */,
				E776276B2A94295F008F8B82 /* FirebaseFirestore */,
				E776276D2A94295F008F8B82 /* FirebaseFirestoreCombine-Community */,
				E776276F2A94295F008F8B82 /* FirebaseFirestoreSwift */,
				E77627712A94295F008F8B82 /* FirebaseInAppMessaging-Beta */,
				E77627732A94295F008F8B82 /* FirebaseInAppMessagingSwift-Beta */,
				E77627752A94295F008F8B82 /* FirebaseMessaging */,
				E77627772A94295F008F8B82 /* FirebaseStorage */,
				E77627792A94295F008F8B82 /* FirebaseStorageCombine-Community */,
				E7FCB4062A9BE2A0003E386B /* URLImage */,
				E7FCB4082A9BE2A0003E386B /* URLImageStore */,
				E73E2D502AA0265B00F213EF /* GSPlayer */,
			);
			productName = "E Commerce";
			productReference = E77627192A941D80008F8B82 /* E Commerce.app */;
			productType = "com.apple.product-type.application";
		};
		E77627282A941D81008F8B82 /* E CommerceTests */ = {
			isa = PBXNativeTarget;
			buildConfigurationList = E77627402A941D81008F8B82 /* Build configuration list for PBXNativeTarget "E CommerceTests" */;
			buildPhases = (
				E77627252A941D81008F8B82 /* Sources */,
				E77627262A941D81008F8B82 /* Frameworks */,
				E77627272A941D81008F8B82 /* Resources */,
			);
			buildRules = (
			);
			dependencies = (
				E776272B2A941D81008F8B82 /* PBXTargetDependency */,
			);
			name = "E CommerceTests";
			productName = "E CommerceTests";
			productReference = E77627292A941D81008F8B82 /* E CommerceTests.xctest */;
			productType = "com.apple.product-type.bundle.unit-test";
		};
		E77627322A941D81008F8B82 /* E CommerceUITests */ = {
			isa = PBXNativeTarget;
			buildConfigurationList = E77627432A941D81008F8B82 /* Build configuration list for PBXNativeTarget "E CommerceUITests" */;
			buildPhases = (
				E776272F2A941D81008F8B82 /* Sources */,
				E77627302A941D81008F8B82 /* Frameworks */,
				E77627312A941D81008F8B82 /* Resources */,
			);
			buildRules = (
			);
			dependencies = (
				E77627352A941D81008F8B82 /* PBXTargetDependency */,
			);
			name = "E CommerceUITests";
			productName = "E CommerceUITests";
			productReference = E77627332A941D81008F8B82 /* E CommerceUITests.xctest */;
			productType = "com.apple.product-type.bundle.ui-testing";
		};
/* End PBXNativeTarget section */

/* Begin PBXProject section */
		E77627112A941D80008F8B82 /* Project object */ = {
			isa = PBXProject;
			attributes = {
				BuildIndependentTargetsInParallel = 1;
				LastSwiftUpdateCheck = 1430;
				LastUpgradeCheck = 1430;
				TargetAttributes = {
					E77627182A941D80008F8B82 = {
						CreatedOnToolsVersion = 14.3.1;
					};
					E77627282A941D81008F8B82 = {
						CreatedOnToolsVersion = 14.3.1;
						TestTargetID = E77627182A941D80008F8B82;
					};
					E77627322A941D81008F8B82 = {
						CreatedOnToolsVersion = 14.3.1;
						TestTargetID = E77627182A941D80008F8B82;
					};
				};
			};
			buildConfigurationList = E77627142A941D80008F8B82 /* Build configuration list for PBXProject "E Commerce" */;
			compatibilityVersion = "Xcode 14.0";
			developmentRegion = en;
			hasScannedForEncodings = 0;
			knownRegions = (
				en,
				Base,
			);
			mainGroup = E77627102A941D80008F8B82;
			packageReferences = (
				E776275A2A94295F008F8B82 /* XCRemoteSwiftPackageReference "firebase-ios-sdk" */,
				E7FCB4052A9BE2A0003E386B /* XCRemoteSwiftPackageReference "url-image" */,
				E73E2D4F2AA0265B00F213EF /* XCRemoteSwiftPackageReference "GSPlayer" */,
			);
			productRefGroup = E776271A2A941D80008F8B82 /* Products */;
			projectDirPath = "";
			projectRoot = "";
			targets = (
				E77627182A941D80008F8B82 /* E Commerce */,
				E77627282A941D81008F8B82 /* E CommerceTests */,
				E77627322A941D81008F8B82 /* E CommerceUITests */,
			);
		};
/* End PBXProject section */

/* Begin PBXResourcesBuildPhase section */
		E77627172A941D80008F8B82 /* Resources */ = {
			isa = PBXResourcesBuildPhase;
			buildActionMask = 2147483647;
			files = (
				E77627242A941D81008F8B82 /* Preview Assets.xcassets in Resources */,
				E77627212A941D81008F8B82 /* Assets.xcassets in Resources */,
				E776277C2A942C39008F8B82 /* GoogleService-Info.plist in Resources */,
				E7FCB3962A9AAC80003E386B /* category.json in Resources */,
				E7FCB40B2A9BE7D4003E386B /* OnlineShopping.mp4 in Resources */,
				E7FCB3F12A9B7134003E386B /* videos.json in Resources */,
				E7FCB40E2A9BEC32003E386B /* SedgwickAveDisplay-Regular.ttf in Resources */,
			);
			runOnlyForDeploymentPostprocessing = 0;
		};
		E77627272A941D81008F8B82 /* Resources */ = {
			isa = PBXResourcesBuildPhase;
			buildActionMask = 2147483647;
			files = (
			);
			runOnlyForDeploymentPostprocessing = 0;
		};
		E77627312A941D81008F8B82 /* Resources */ = {
			isa = PBXResourcesBuildPhase;
			buildActionMask = 2147483647;
			files = (
			);
			runOnlyForDeploymentPostprocessing = 0;
		};
/* End PBXResourcesBuildPhase section */

/* Begin PBXSourcesBuildPhase section */
		E77627152A941D80008F8B82 /* Sources */ = {
			isa = PBXSourcesBuildPhase;
			buildActionMask = 2147483647;
			files = (
				E7FCB3792A9A73CD003E386B /* PaymentCardNumberView.swift in Sources */,
				E77A24AF2A95854400BE725F /* CustomShape.swift in Sources */,
				E7FCB3E92A9B5A01003E386B /* ApiService.swift in Sources */,
				E7FCB3872A9A74EC003E386B /* PaymentHeaderView.swift in Sources */,
				E7FCB37B2A9A7402003E386B /* PaymentTextField1View.swift in Sources */,
				E77627562A942654008F8B82 /* OnboardItem.swift in Sources */,
				E73E2D302A9FFFEB00F213EF /* Pdf2View.swift in Sources */,
				E7FCB3852A9A74CD003E386B /* PaymentButton.swift in Sources */,
				E77A24E92A97E53900BE725F /* Order.swift in Sources */,
				E7FCB3FD2A9BCCF7003E386B /* VideoPlayer.swift in Sources */,
				E7FCB3D72A9AC83B003E386B /* Category.swift in Sources */,
				E78815E12AA69E4F008572C7 /* WomanClothingViewModel.swift in Sources */,
				E7FCB38C2A9A9F7C003E386B /* UIViewControllerRepresentable.swift in Sources */,
				E77A24BC2A9587C100BE725F /* SettingView.swift in Sources */,
				E77A24C42A95FFE800BE725F /* AlertInformationBanner.swift in Sources */,
				E73E2D3B2AA0010700F213EF /* CustomTextField.swift in Sources */,
				E7FCB3812A9A7484003E386B /* PaymentSaveButtonShape.swift in Sources */,
				E73E2D422AA0174300F213EF /* CreateProfilHeaderView.swift in Sources */,
				E77279122A9CB37B00EBE7D7 /* ProductSizeSelectionShape.swift in Sources */,
				E73E2D2D2A9FFE0900F213EF /* ServerView.swift in Sources */,
				E78816072AA80595008572C7 /* DiscountBar.swift in Sources */,
				E7FCB38F2A9AA6FD003E386B /* UIImageView.swift in Sources */,
				E7FCB3F32A9B7397003E386B /* VideoModel.swift in Sources */,
				E77627522A942396008F8B82 /* LoginView.swift in Sources */,
				E7FCB3832A9A74A9003E386B /* PaymentBoxShape.swift in Sources */,
				E7FCB3EC2A9B66F1003E386B /* VideoListItem.swift in Sources */,
				E7FCB3F82A9BBA2F003E386B /* VideoListView.swift in Sources */,
				E73E2D3F2AA0015300F213EF /* Footer2View.swift in Sources */,
				E73E2D362AA000AE00F213EF /* PdfView.swift in Sources */,
				E73E2D3D2AA0013400F213EF /* CustomHeaderView.swift in Sources */,
				E77A24E12A9796E800BE725F /* OrderPlacedBanner.swift in Sources */,
				E77A24E62A97D55000BE725F /* CheckBoxView.swift in Sources */,
				E73E2D262A9FFD6500F213EF /* BackendSimulator.swift in Sources */,
				E73E2D282A9FFDAC00F213EF /* PaymentProvider.swift in Sources */,
				E73E2D452AA0202700F213EF /* AgreementButton.swift in Sources */,
				E776271F2A941D80008F8B82 /* ContentView.swift in Sources */,
				E77A24CB2A96F7DC00BE725F /* AddedToBag.swift in Sources */,
				E77627592A94269A008F8B82 /* AuthService.swift in Sources */,
				E776278B2A94B2BA008F8B82 /* AddCategoryPage.swift in Sources */,
				E77A24D22A97816600BE725F /* FAQQuestion.swift in Sources */,
				E78815F22AA740E2008572C7 /* PaymentMethodView.swift in Sources */,
				E77A24E42A979B2200BE725F /* TrackingOrderView.swift in Sources */,
				E77A24D42A97818700BE725F /* FAQSection.swift in Sources */,
				E7FCB37D2A9A7426003E386B /* PaymentTextField2View.swift in Sources */,
				E776277F2A945E93008F8B82 /* AlertBanner.swift in Sources */,
				E7FCB3E72A9B59DA003E386B /* ProductViewModel.swift in Sources */,
				E73E2D4A2AA020E200F213EF /* Employee.swift in Sources */,
				E73E2D322AA0002100F213EF /* PdfExtension.swift in Sources */,
				E78816022AA8013A008572C7 /* PayButton.swift in Sources */,
				E78815EC2AA69F6C008572C7 /* Rating.swift in Sources */,
				E7FCB3E32A9B5946003E386B /* ProductView.swift in Sources */,
				E7FCB37F2A9A745F003E386B /* PaymentProgressBarView.swift in Sources */,
				E77A24ED2A97E61D00BE725F /* TrackingHeaderShape.swift in Sources */,
				E77627822A947FE4008F8B82 /* HomeView.swift in Sources */,
				E77A24A92A95781B00BE725F /* SearchView.swift in Sources */,
				E78815FC2AA8007B008572C7 /* PaymentMethod.swift in Sources */,
				E78816052AA80532008572C7 /* CheckOutAddressCard.swift in Sources */,
				E7AC696D2A98D70600EA63E0 /* PaymentView.swift in Sources */,
				E78815DF2AA69E28008572C7 /* MensViewModel.swift in Sources */,
				E78815EA2AA69F2C008572C7 /* FooterView.swift in Sources */,
				E77627542A9425F9008F8B82 /* AfterOnBoardingView.swift in Sources */,
				E776271D2A941D80008F8B82 /* E_CommerceApp.swift in Sources */,
				E73E2D342AA0005C00F213EF /* PdfShareSheet.swift in Sources */,
				E77A24A62A9571C200BE725F /* CallCenterView.swift in Sources */,
				E77A24BF2A95881000BE725F /* TermsOfServiceView.swift in Sources */,
				E7FCB3FA2A9BCAAB003E386B /* VideoPlayerView.swift in Sources */,
				E776274A2A94212C008F8B82 /* OnBoardingRules.swift in Sources */,
				E7FCB3F62A9BB2B5003E386B /* Video.swift in Sources */,
				E78816002AA800F9008572C7 /* PaymentListShape.swift in Sources */,
				E7FCB3E52A9B5981003E386B /* ProductDetail.swift in Sources */,
				E77A24EB2A97E5BE00BE725F /* TrackingOrderViewModel.swift in Sources */,
				E78815E52AA69EC5008572C7 /* WomanClothingView.swift in Sources */,
				E73E2D482AA0207F00F213EF /* TermSection.swift in Sources */,
				E77A24C22A95885500BE725F /* CreateProfileView.swift in Sources */,
				E78815E32AA69E8D008572C7 /* MenClothingView.swift in Sources */,
				E77A24DF2A978A3A00BE725F /* CheckOutBanner.swift in Sources */,
				E788160C2AA80A60008572C7 /* Size.swift in Sources */,
				E7FCB3932A9AABF4003E386B /* CodableBundleExtension.swift in Sources */,
				E776274F2A9421BF008F8B82 /* OnBoardingView.swift in Sources */,
				E73E2D4C2AA0218300F213EF /* CallCenterViewModel.swift in Sources */,
				E77627472A941F1C008F8B82 /* SplashView.swift in Sources */,
				E78815FE2AA800C3008572C7 /* PaymentMethodDetailView.swift in Sources */,
				E78815E72AA69EE5008572C7 /* CategoryProductView.swift in Sources */,
				E772791E2A9DFFE200EBE7D7 /* SizeViewModel.swift in Sources */,
				E77627882A948552008F8B82 /* Product.swift in Sources */,
				E7FCB3892A9A991D003E386B /* LogOutShape.swift in Sources */,
				E77A24D72A97831A00BE725F /* FAQViewModel.swift in Sources */,
				E77A24AB2A9579A800BE725F /* SearchHeaderView.swift in Sources */,
				E77A24C92A96E40600BE725F /* NotificationView.swift in Sources */,
				E77A24DD2A9788E000BE725F /* FilterView.swift in Sources */,
			);
			runOnlyForDeploymentPostprocessing = 0;
		};
		E77627252A941D81008F8B82 /* Sources */ = {
			isa = PBXSourcesBuildPhase;
			buildActionMask = 2147483647;
			files = (
				E776272E2A941D81008F8B82 /* E_CommerceTests.swift in Sources */,
			);
			runOnlyForDeploymentPostprocessing = 0;
		};
		E776272F2A941D81008F8B82 /* Sources */ = {
			isa = PBXSourcesBuildPhase;
			buildActionMask = 2147483647;
			files = (
				E77627382A941D81008F8B82 /* E_CommerceUITests.swift in Sources */,
				E776273A2A941D81008F8B82 /* E_CommerceUITestsLaunchTests.swift in Sources */,
			);
			runOnlyForDeploymentPostprocessing = 0;
		};
/* End PBXSourcesBuildPhase section */

/* Begin PBXTargetDependency section */
		E776272B2A941D81008F8B82 /* PBXTargetDependency */ = {
			isa = PBXTargetDependency;
			target = E77627182A941D80008F8B82 /* E Commerce */;
			targetProxy = E776272A2A941D81008F8B82 /* PBXContainerItemProxy */;
		};
		E77627352A941D81008F8B82 /* PBXTargetDependency */ = {
			isa = PBXTargetDependency;
			target = E77627182A941D80008F8B82 /* E Commerce */;
			targetProxy = E77627342A941D81008F8B82 /* PBXContainerItemProxy */;
		};
/* End PBXTargetDependency section */

/* Begin XCBuildConfiguration section */
		E776273B2A941D81008F8B82 /* Debug */ = {
			isa = XCBuildConfiguration;
			buildSettings = {
				ALWAYS_SEARCH_USER_PATHS = NO;
				CLANG_ANALYZER_NONNULL = YES;
				CLANG_ANALYZER_NUMBER_OBJECT_CONVERSION = YES_AGGRESSIVE;
				CLANG_CXX_LANGUAGE_STANDARD = "gnu++20";
				CLANG_ENABLE_MODULES = YES;
				CLANG_ENABLE_OBJC_ARC = YES;
				CLANG_ENABLE_OBJC_WEAK = YES;
				CLANG_WARN_BLOCK_CAPTURE_AUTORELEASING = YES;
				CLANG_WARN_BOOL_CONVERSION = YES;
				CLANG_WARN_COMMA = YES;
				CLANG_WARN_CONSTANT_CONVERSION = YES;
				CLANG_WARN_DEPRECATED_OBJC_IMPLEMENTATIONS = YES;
				CLANG_WARN_DIRECT_OBJC_ISA_USAGE = YES_ERROR;
				CLANG_WARN_DOCUMENTATION_COMMENTS = YES;
				CLANG_WARN_EMPTY_BODY = YES;
				CLANG_WARN_ENUM_CONVERSION = YES;
				CLANG_WARN_INFINITE_RECURSION = YES;
				CLANG_WARN_INT_CONVERSION = YES;
				CLANG_WARN_NON_LITERAL_NULL_CONVERSION = YES;
				CLANG_WARN_OBJC_IMPLICIT_RETAIN_SELF = YES;
				CLANG_WARN_OBJC_LITERAL_CONVERSION = YES;
				CLANG_WARN_OBJC_ROOT_CLASS = YES_ERROR;
				CLANG_WARN_QUOTED_INCLUDE_IN_FRAMEWORK_HEADER = YES;
				CLANG_WARN_RANGE_LOOP_ANALYSIS = YES;
				CLANG_WARN_STRICT_PROTOTYPES = YES;
				CLANG_WARN_SUSPICIOUS_MOVE = YES;
				CLANG_WARN_UNGUARDED_AVAILABILITY = YES_AGGRESSIVE;
				CLANG_WARN_UNREACHABLE_CODE = YES;
				CLANG_WARN__DUPLICATE_METHOD_MATCH = YES;
				COPY_PHASE_STRIP = NO;
				DEBUG_INFORMATION_FORMAT = dwarf;
				ENABLE_STRICT_OBJC_MSGSEND = YES;
				ENABLE_TESTABILITY = YES;
				GCC_C_LANGUAGE_STANDARD = gnu11;
				GCC_DYNAMIC_NO_PIC = NO;
				GCC_NO_COMMON_BLOCKS = YES;
				GCC_OPTIMIZATION_LEVEL = 0;
				GCC_PREPROCESSOR_DEFINITIONS = (
					"DEBUG=1",
					"$(inherited)",
				);
				GCC_WARN_64_TO_32_BIT_CONVERSION = YES;
				GCC_WARN_ABOUT_RETURN_TYPE = YES_ERROR;
				GCC_WARN_UNDECLARED_SELECTOR = YES;
				GCC_WARN_UNINITIALIZED_AUTOS = YES_AGGRESSIVE;
				GCC_WARN_UNUSED_FUNCTION = YES;
				GCC_WARN_UNUSED_VARIABLE = YES;
				IPHONEOS_DEPLOYMENT_TARGET = 16.4;
				MTL_ENABLE_DEBUG_INFO = INCLUDE_SOURCE;
				MTL_FAST_MATH = YES;
				ONLY_ACTIVE_ARCH = YES;
				SDKROOT = iphoneos;
				SWIFT_ACTIVE_COMPILATION_CONDITIONS = DEBUG;
				SWIFT_OPTIMIZATION_LEVEL = "-Onone";
			};
			name = Debug;
		};
		E776273C2A941D81008F8B82 /* Release */ = {
			isa = XCBuildConfiguration;
			buildSettings = {
				ALWAYS_SEARCH_USER_PATHS = NO;
				CLANG_ANALYZER_NONNULL = YES;
				CLANG_ANALYZER_NUMBER_OBJECT_CONVERSION = YES_AGGRESSIVE;
				CLANG_CXX_LANGUAGE_STANDARD = "gnu++20";
				CLANG_ENABLE_MODULES = YES;
				CLANG_ENABLE_OBJC_ARC = YES;
				CLANG_ENABLE_OBJC_WEAK = YES;
				CLANG_WARN_BLOCK_CAPTURE_AUTORELEASING = YES;
				CLANG_WARN_BOOL_CONVERSION = YES;
				CLANG_WARN_COMMA = YES;
				CLANG_WARN_CONSTANT_CONVERSION = YES;
				CLANG_WARN_DEPRECATED_OBJC_IMPLEMENTATIONS = YES;
				CLANG_WARN_DIRECT_OBJC_ISA_USAGE = YES_ERROR;
				CLANG_WARN_DOCUMENTATION_COMMENTS = YES;
				CLANG_WARN_EMPTY_BODY = YES;
				CLANG_WARN_ENUM_CONVERSION = YES;
				CLANG_WARN_INFINITE_RECURSION = YES;
				CLANG_WARN_INT_CONVERSION = YES;
				CLANG_WARN_NON_LITERAL_NULL_CONVERSION = YES;
				CLANG_WARN_OBJC_IMPLICIT_RETAIN_SELF = YES;
				CLANG_WARN_OBJC_LITERAL_CONVERSION = YES;
				CLANG_WARN_OBJC_ROOT_CLASS = YES_ERROR;
				CLANG_WARN_QUOTED_INCLUDE_IN_FRAMEWORK_HEADER = YES;
				CLANG_WARN_RANGE_LOOP_ANALYSIS = YES;
				CLANG_WARN_STRICT_PROTOTYPES = YES;
				CLANG_WARN_SUSPICIOUS_MOVE = YES;
				CLANG_WARN_UNGUARDED_AVAILABILITY = YES_AGGRESSIVE;
				CLANG_WARN_UNREACHABLE_CODE = YES;
				CLANG_WARN__DUPLICATE_METHOD_MATCH = YES;
				COPY_PHASE_STRIP = NO;
				DEBUG_INFORMATION_FORMAT = "dwarf-with-dsym";
				ENABLE_NS_ASSERTIONS = NO;
				ENABLE_STRICT_OBJC_MSGSEND = YES;
				GCC_C_LANGUAGE_STANDARD = gnu11;
				GCC_NO_COMMON_BLOCKS = YES;
				GCC_WARN_64_TO_32_BIT_CONVERSION = YES;
				GCC_WARN_ABOUT_RETURN_TYPE = YES_ERROR;
				GCC_WARN_UNDECLARED_SELECTOR = YES;
				GCC_WARN_UNINITIALIZED_AUTOS = YES_AGGRESSIVE;
				GCC_WARN_UNUSED_FUNCTION = YES;
				GCC_WARN_UNUSED_VARIABLE = YES;
				IPHONEOS_DEPLOYMENT_TARGET = 16.4;
				MTL_ENABLE_DEBUG_INFO = NO;
				MTL_FAST_MATH = YES;
				SDKROOT = iphoneos;
				SWIFT_COMPILATION_MODE = wholemodule;
				SWIFT_OPTIMIZATION_LEVEL = "-O";
				VALIDATE_PRODUCT = YES;
			};
			name = Release;
		};
		E776273E2A941D81008F8B82 /* Debug */ = {
			isa = XCBuildConfiguration;
			buildSettings = {
				ASSETCATALOG_COMPILER_APPICON_NAME = AppIcon;
				ASSETCATALOG_COMPILER_GLOBAL_ACCENT_COLOR_NAME = AccentColor;
				CODE_SIGN_STYLE = Automatic;
				CURRENT_PROJECT_VERSION = 1;
				DEVELOPMENT_ASSET_PATHS = "\"E Commerce/Preview Content\"";
				DEVELOPMENT_TEAM = 55C3RLSR2Z;
				ENABLE_PREVIEWS = YES;
				GENERATE_INFOPLIST_FILE = YES;
				INFOPLIST_FILE = "E-Commerce-Info.plist";
				INFOPLIST_KEY_UIApplicationSceneManifest_Generation = YES;
				INFOPLIST_KEY_UIApplicationSupportsIndirectInputEvents = YES;
				INFOPLIST_KEY_UILaunchScreen_Generation = YES;
				INFOPLIST_KEY_UISupportedInterfaceOrientations_iPad = "UIInterfaceOrientationPortrait UIInterfaceOrientationPortraitUpsideDown UIInterfaceOrientationLandscapeLeft UIInterfaceOrientationLandscapeRight";
				INFOPLIST_KEY_UISupportedInterfaceOrientations_iPhone = "UIInterfaceOrientationPortrait UIInterfaceOrientationLandscapeLeft UIInterfaceOrientationLandscapeRight";
				LD_RUNPATH_SEARCH_PATHS = (
					"$(inherited)",
					"@executable_path/Frameworks",
				);
				MARKETING_VERSION = 1.0;
				PRODUCT_BUNDLE_IDENTIFIER = "com.ChatApp.www.https.E-Commerce";
				PRODUCT_NAME = "$(TARGET_NAME)";
				SWIFT_EMIT_LOC_STRINGS = YES;
				SWIFT_VERSION = 5.0;
				TARGETED_DEVICE_FAMILY = "1,2";
			};
			name = Debug;
		};
		E776273F2A941D81008F8B82 /* Release */ = {
			isa = XCBuildConfiguration;
			buildSettings = {
				ASSETCATALOG_COMPILER_APPICON_NAME = AppIcon;
				ASSETCATALOG_COMPILER_GLOBAL_ACCENT_COLOR_NAME = AccentColor;
				CODE_SIGN_STYLE = Automatic;
				CURRENT_PROJECT_VERSION = 1;
				DEVELOPMENT_ASSET_PATHS = "\"E Commerce/Preview Content\"";
				DEVELOPMENT_TEAM = 55C3RLSR2Z;
				ENABLE_PREVIEWS = YES;
				GENERATE_INFOPLIST_FILE = YES;
				INFOPLIST_FILE = "E-Commerce-Info.plist";
				INFOPLIST_KEY_UIApplicationSceneManifest_Generation = YES;
				INFOPLIST_KEY_UIApplicationSupportsIndirectInputEvents = YES;
				INFOPLIST_KEY_UILaunchScreen_Generation = YES;
				INFOPLIST_KEY_UISupportedInterfaceOrientations_iPad = "UIInterfaceOrientationPortrait UIInterfaceOrientationPortraitUpsideDown UIInterfaceOrientationLandscapeLeft UIInterfaceOrientationLandscapeRight";
				INFOPLIST_KEY_UISupportedInterfaceOrientations_iPhone = "UIInterfaceOrientationPortrait UIInterfaceOrientationLandscapeLeft UIInterfaceOrientationLandscapeRight";
				LD_RUNPATH_SEARCH_PATHS = (
					"$(inherited)",
					"@executable_path/Frameworks",
				);
				MARKETING_VERSION = 1.0;
				PRODUCT_BUNDLE_IDENTIFIER = "com.ChatApp.www.https.E-Commerce";
				PRODUCT_NAME = "$(TARGET_NAME)";
				SWIFT_EMIT_LOC_STRINGS = YES;
				SWIFT_VERSION = 5.0;
				TARGETED_DEVICE_FAMILY = "1,2";
			};
			name = Release;
		};
		E77627412A941D81008F8B82 /* Debug */ = {
			isa = XCBuildConfiguration;
			buildSettings = {
				ALWAYS_EMBED_SWIFT_STANDARD_LIBRARIES = YES;
				BUNDLE_LOADER = "$(TEST_HOST)";
				CODE_SIGN_STYLE = Automatic;
				CURRENT_PROJECT_VERSION = 1;
				DEVELOPMENT_TEAM = 55C3RLSR2Z;
				GENERATE_INFOPLIST_FILE = YES;
				IPHONEOS_DEPLOYMENT_TARGET = 16.4;
				MARKETING_VERSION = 1.0;
				PRODUCT_BUNDLE_IDENTIFIER = "com.ChatApp.www.https.E-CommerceTests";
				PRODUCT_NAME = "$(TARGET_NAME)";
				SWIFT_EMIT_LOC_STRINGS = NO;
				SWIFT_VERSION = 5.0;
				TARGETED_DEVICE_FAMILY = "1,2";
				TEST_HOST = "$(BUILT_PRODUCTS_DIR)/E Commerce.app/$(BUNDLE_EXECUTABLE_FOLDER_PATH)/E Commerce";
			};
			name = Debug;
		};
		E77627422A941D81008F8B82 /* Release */ = {
			isa = XCBuildConfiguration;
			buildSettings = {
				ALWAYS_EMBED_SWIFT_STANDARD_LIBRARIES = YES;
				BUNDLE_LOADER = "$(TEST_HOST)";
				CODE_SIGN_STYLE = Automatic;
				CURRENT_PROJECT_VERSION = 1;
				DEVELOPMENT_TEAM = 55C3RLSR2Z;
				GENERATE_INFOPLIST_FILE = YES;
				IPHONEOS_DEPLOYMENT_TARGET = 16.4;
				MARKETING_VERSION = 1.0;
				PRODUCT_BUNDLE_IDENTIFIER = "com.ChatApp.www.https.E-CommerceTests";
				PRODUCT_NAME = "$(TARGET_NAME)";
				SWIFT_EMIT_LOC_STRINGS = NO;
				SWIFT_VERSION = 5.0;
				TARGETED_DEVICE_FAMILY = "1,2";
				TEST_HOST = "$(BUILT_PRODUCTS_DIR)/E Commerce.app/$(BUNDLE_EXECUTABLE_FOLDER_PATH)/E Commerce";
			};
			name = Release;
		};
		E77627442A941D81008F8B82 /* Debug */ = {
			isa = XCBuildConfiguration;
			buildSettings = {
				ALWAYS_EMBED_SWIFT_STANDARD_LIBRARIES = YES;
				CODE_SIGN_STYLE = Automatic;
				CURRENT_PROJECT_VERSION = 1;
				DEVELOPMENT_TEAM = 55C3RLSR2Z;
				GENERATE_INFOPLIST_FILE = YES;
				MARKETING_VERSION = 1.0;
				PRODUCT_BUNDLE_IDENTIFIER = "com.ChatApp.www.https.E-CommerceUITests";
				PRODUCT_NAME = "$(TARGET_NAME)";
				SWIFT_EMIT_LOC_STRINGS = NO;
				SWIFT_VERSION = 5.0;
				TARGETED_DEVICE_FAMILY = "1,2";
				TEST_TARGET_NAME = "E Commerce";
			};
			name = Debug;
		};
		E77627452A941D81008F8B82 /* Release */ = {
			isa = XCBuildConfiguration;
			buildSettings = {
				ALWAYS_EMBED_SWIFT_STANDARD_LIBRARIES = YES;
				CODE_SIGN_STYLE = Automatic;
				CURRENT_PROJECT_VERSION = 1;
				DEVELOPMENT_TEAM = 55C3RLSR2Z;
				GENERATE_INFOPLIST_FILE = YES;
				MARKETING_VERSION = 1.0;
				PRODUCT_BUNDLE_IDENTIFIER = "com.ChatApp.www.https.E-CommerceUITests";
				PRODUCT_NAME = "$(TARGET_NAME)";
				SWIFT_EMIT_LOC_STRINGS = NO;
				SWIFT_VERSION = 5.0;
				TARGETED_DEVICE_FAMILY = "1,2";
				TEST_TARGET_NAME = "E Commerce";
			};
			name = Release;
		};
/* End XCBuildConfiguration section */

/* Begin XCConfigurationList section */
		E77627142A941D80008F8B82 /* Build configuration list for PBXProject "E Commerce" */ = {
			isa = XCConfigurationList;
			buildConfigurations = (
				E776273B2A941D81008F8B82 /* Debug */,
				E776273C2A941D81008F8B82 /* Release */,
			);
			defaultConfigurationIsVisible = 0;
			defaultConfigurationName = Release;
		};
		E776273D2A941D81008F8B82 /* Build configuration list for PBXNativeTarget "E Commerce" */ = {
			isa = XCConfigurationList;
			buildConfigurations = (
				E776273E2A941D81008F8B82 /* Debug */,
				E776273F2A941D81008F8B82 /* Release */,
			);
			defaultConfigurationIsVisible = 0;
			defaultConfigurationName = Release;
		};
		E77627402A941D81008F8B82 /* Build configuration list for PBXNativeTarget "E CommerceTests" */ = {
			isa = XCConfigurationList;
			buildConfigurations = (
				E77627412A941D81008F8B82 /* Debug */,
				E77627422A941D81008F8B82 /* Release */,
			);
			defaultConfigurationIsVisible = 0;
			defaultConfigurationName = Release;
		};
		E77627432A941D81008F8B82 /* Build configuration list for PBXNativeTarget "E CommerceUITests" */ = {
			isa = XCConfigurationList;
			buildConfigurations = (
				E77627442A941D81008F8B82 /* Debug */,
				E77627452A941D81008F8B82 /* Release */,
			);
			defaultConfigurationIsVisible = 0;
			defaultConfigurationName = Release;
		};
/* End XCConfigurationList section */

/* Begin XCRemoteSwiftPackageReference section */
		E73E2D4F2AA0265B00F213EF /* XCRemoteSwiftPackageReference "GSPlayer" */ = {
			isa = XCRemoteSwiftPackageReference;
			repositoryURL = "https://github.com/wxxsw/GSPlayer.git";
			requirement = {
				kind = upToNextMajorVersion;
				minimumVersion = 0.2.27;
			};
		};
		E776275A2A94295F008F8B82 /* XCRemoteSwiftPackageReference "firebase-ios-sdk" */ = {
			isa = XCRemoteSwiftPackageReference;
			repositoryURL = "https://github.com/firebase/firebase-ios-sdk.git";
			requirement = {
				kind = upToNextMajorVersion;
				minimumVersion = 10.0.0;
			};
		};
		E7FCB4052A9BE2A0003E386B /* XCRemoteSwiftPackageReference "url-image" */ = {
			isa = XCRemoteSwiftPackageReference;
			repositoryURL = "https://github.com/dmytro-anokhin/url-image.git";
			requirement = {
				kind = upToNextMajorVersion;
				minimumVersion = 3.0.0;
			};
		};
/* End XCRemoteSwiftPackageReference section */

/* Begin XCSwiftPackageProductDependency section */
		E73E2D502AA0265B00F213EF /* GSPlayer */ = {
			isa = XCSwiftPackageProductDependency;
			package = E73E2D4F2AA0265B00F213EF /* XCRemoteSwiftPackageReference "GSPlayer" */;
			productName = GSPlayer;
		};
		E776275B2A94295F008F8B82 /* FirebaseAnalytics */ = {
			isa = XCSwiftPackageProductDependency;
			package = E776275A2A94295F008F8B82 /* XCRemoteSwiftPackageReference "firebase-ios-sdk" */;
			productName = FirebaseAnalytics;
		};
		E776275D2A94295F008F8B82 /* FirebaseAnalyticsOnDeviceConversion */ = {
			isa = XCSwiftPackageProductDependency;
			package = E776275A2A94295F008F8B82 /* XCRemoteSwiftPackageReference "firebase-ios-sdk" */;
			productName = FirebaseAnalyticsOnDeviceConversion;
		};
		E776275F2A94295F008F8B82 /* FirebaseAnalyticsSwift */ = {
			isa = XCSwiftPackageProductDependency;
			package = E776275A2A94295F008F8B82 /* XCRemoteSwiftPackageReference "firebase-ios-sdk" */;
			productName = FirebaseAnalyticsSwift;
		};
		E77627612A94295F008F8B82 /* FirebaseAnalyticsWithoutAdIdSupport */ = {
			isa = XCSwiftPackageProductDependency;
			package = E776275A2A94295F008F8B82 /* XCRemoteSwiftPackageReference "firebase-ios-sdk" */;
			productName = FirebaseAnalyticsWithoutAdIdSupport;
		};
		E77627632A94295F008F8B82 /* FirebaseAuth */ = {
			isa = XCSwiftPackageProductDependency;
			package = E776275A2A94295F008F8B82 /* XCRemoteSwiftPackageReference "firebase-ios-sdk" */;
			productName = FirebaseAuth;
		};
		E77627652A94295F008F8B82 /* FirebaseAuthCombine-Community */ = {
			isa = XCSwiftPackageProductDependency;
			package = E776275A2A94295F008F8B82 /* XCRemoteSwiftPackageReference "firebase-ios-sdk" */;
			productName = "FirebaseAuthCombine-Community";
		};
		E77627672A94295F008F8B82 /* FirebaseDatabase */ = {
			isa = XCSwiftPackageProductDependency;
			package = E776275A2A94295F008F8B82 /* XCRemoteSwiftPackageReference "firebase-ios-sdk" */;
			productName = FirebaseDatabase;
		};
		E77627692A94295F008F8B82 /* FirebaseDatabaseSwift */ = {
			isa = XCSwiftPackageProductDependency;
			package = E776275A2A94295F008F8B82 /* XCRemoteSwiftPackageReference "firebase-ios-sdk" */;
			productName = FirebaseDatabaseSwift;
		};
		E776276B2A94295F008F8B82 /* FirebaseFirestore */ = {
			isa = XCSwiftPackageProductDependency;
			package = E776275A2A94295F008F8B82 /* XCRemoteSwiftPackageReference "firebase-ios-sdk" */;
			productName = FirebaseFirestore;
		};
		E776276D2A94295F008F8B82 /* FirebaseFirestoreCombine-Community */ = {
			isa = XCSwiftPackageProductDependency;
			package = E776275A2A94295F008F8B82 /* XCRemoteSwiftPackageReference "firebase-ios-sdk" */;
			productName = "FirebaseFirestoreCombine-Community";
		};
		E776276F2A94295F008F8B82 /* FirebaseFirestoreSwift */ = {
			isa = XCSwiftPackageProductDependency;
			package = E776275A2A94295F008F8B82 /* XCRemoteSwiftPackageReference "firebase-ios-sdk" */;
			productName = FirebaseFirestoreSwift;
		};
		E77627712A94295F008F8B82 /* FirebaseInAppMessaging-Beta */ = {
			isa = XCSwiftPackageProductDependency;
			package = E776275A2A94295F008F8B82 /* XCRemoteSwiftPackageReference "firebase-ios-sdk" */;
			productName = "FirebaseInAppMessaging-Beta";
		};
		E77627732A94295F008F8B82 /* FirebaseInAppMessagingSwift-Beta */ = {
			isa = XCSwiftPackageProductDependency;
			package = E776275A2A94295F008F8B82 /* XCRemoteSwiftPackageReference "firebase-ios-sdk" */;
			productName = "FirebaseInAppMessagingSwift-Beta";
		};
		E77627752A94295F008F8B82 /* FirebaseMessaging */ = {
			isa = XCSwiftPackageProductDependency;
			package = E776275A2A94295F008F8B82 /* XCRemoteSwiftPackageReference "firebase-ios-sdk" */;
			productName = FirebaseMessaging;
		};
		E77627772A94295F008F8B82 /* FirebaseStorage */ = {
			isa = XCSwiftPackageProductDependency;
			package = E776275A2A94295F008F8B82 /* XCRemoteSwiftPackageReference "firebase-ios-sdk" */;
			productName = FirebaseStorage;
		};
		E77627792A94295F008F8B82 /* FirebaseStorageCombine-Community */ = {
			isa = XCSwiftPackageProductDependency;
			package = E776275A2A94295F008F8B82 /* XCRemoteSwiftPackageReference "firebase-ios-sdk" */;
			productName = "FirebaseStorageCombine-Community";
		};
		E7FCB4062A9BE2A0003E386B /* URLImage */ = {
			isa = XCSwiftPackageProductDependency;
			package = E7FCB4052A9BE2A0003E386B /* XCRemoteSwiftPackageReference "url-image" */;
			productName = URLImage;
		};
		E7FCB4082A9BE2A0003E386B /* URLImageStore */ = {
			isa = XCSwiftPackageProductDependency;
			package = E7FCB4052A9BE2A0003E386B /* XCRemoteSwiftPackageReference "url-image" */;
			productName = URLImageStore;
		};
/* End XCSwiftPackageProductDependency section */
	};
	rootObject = E77627112A941D80008F8B82 /* Project object */;
}
